# Generated by conda-lock.
# platform: linux-64
# input_hash: b22eb45d92a566acce4d6f779eafb7fc56f740e69948d54546c267956cd5c2a7
@EXPLICIT
https://conda.anaconda.org/anaconda/linux-64/_libgcc_mutex-0.1-main.tar.bz2#013d3f22cd3b87f71224bd936765bcad
https://conda.anaconda.org/anaconda/linux-64/ca-certificates-2026.3.19-h06a4308_0.tar.bz2#2040194f5a1c7ce08a1fa521b261aeaf
https://conda.anaconda.org/anaconda/noarch/font-ttf-dejavu-sans-mono-2.37-hd3eb1b0_0.tar.bz2#801b4743a301a4e11cbd9609d418e101
https://conda.anaconda.org/anaconda/noarch/font-ttf-inconsolata-2.001-hcb22688_0.tar.bz2#d4a96c0ce14ac06cbd80976fa8439fb7
https://conda.anaconda.org/anaconda/noarch/font-ttf-source-code-pro-2.030-hd3eb1b0_0.tar.bz2#947240b599a47f2633706c6bdc591a17
https://conda.anaconda.org/anaconda/noarch/font-ttf-ubuntu-0.83-h8b1ccd4_0.tar.bz2#0b017158a7cd7c1683e00b4ae688dce4
https://conda.anaconda.org/anaconda/noarch/kernel-headers_linux-64-4.18.0-h3108a97_1.tar.bz2#d316f70a78e922479dcbc4df9d8fee62
https://conda.anaconda.org/anaconda/linux-64/opencl-headers-2025.07.22-hfb20e49_0.tar.bz2#3d827e22731936a1e11aefae0dcee71a
https://conda.anaconda.org/anaconda/linux-64/python_abi-3.10-3_cp310.tar.bz2#30c6ee2a53db622eabc8c62f6ae1ff9b
https://conda.anaconda.org/anaconda/noarch/tzdata-2026a-he532380_0.tar.bz2#c72705274e82b3225166818d863180b0
https://conda.anaconda.org/anaconda/noarch/fonts-anaconda-1-h8fa9717_0.tar.bz2#7a445a2d9fbe2a88de8f09e9527f4ce1
https://conda.anaconda.org/anaconda/linux-64/ld_impl_linux-64-2.44-h9e0c5a2_3.tar.bz2#f966e8da4e4b1aa50ffd96bae411599a
https://conda.anaconda.org/anaconda/noarch/libgcc-devel_linux-64-14.3.0-he7458c1_104.tar.bz2#253480ca231bec98bf1a3b8a840c728f
https://conda.anaconda.org/anaconda/linux-64/libgomp-15.2.0-h4751f2c_7.tar.bz2#f449dace9d786bf2c71d9e495c68e561
https://conda.anaconda.org/anaconda/noarch/libstdcxx-devel_linux-64-14.3.0-he7458c1_104.tar.bz2#2a2ead700804a8787497fc4a4c5e4f37
https://conda.anaconda.org/conda-forge/linux-64/llvm-openmp-22.1.4-h4922eb0_0.conda#fa2c5c7f8d5319ab9c9fcbbd04022abf
https://conda.anaconda.org/anaconda/noarch/sysroot_linux-64-2.28-h3108a97_1.tar.bz2#c48a82443a7c91f40ad9d65c613779fa
https://conda.anaconda.org/anaconda/linux-64/_openmp_mutex-5.1-1_gnu.tar.bz2#613805add1c05b538ff06d217252feb7
https://conda.anaconda.org/anaconda/linux-64/binutils_impl_linux-64-2.44-h78f17ca_3.tar.bz2#f07d96ef947676fe548f4d20a425c0eb
https://conda.anaconda.org/anaconda/noarch/fonts-conda-ecosystem-1-hd3eb1b0_0.tar.bz2#81135874e3942ccc48b79c12ec094849
https://conda.anaconda.org/anaconda/linux-64/binutils-2.44-hc03a8fd_3.tar.bz2#c6283f13a851371f128249b5681c823d
https://conda.anaconda.org/anaconda/linux-64/binutils_linux-64-2.44-hc03a8fd_3.tar.bz2#3d2af493ca2d890efcd0c6a41d9e3e96
https://conda.anaconda.org/anaconda/linux-64/libgcc-15.2.0-h69a1729_7.tar.bz2#c60bac07819ecbfd72482a8b5770604a
https://conda.anaconda.org/anaconda/linux-64/alsa-lib-1.2.15.3-h47b2149_0.tar.bz2#b1029c5aa763685475b8a1c60cf58e61
https://conda.anaconda.org/anaconda/linux-64/attr-2.5.2-h47b2149_0.tar.bz2#86fd7576db8185ec021d08e06a1abb73
https://conda.anaconda.org/anaconda/linux-64/aws-c-common-0.12.6-h47b2149_0.tar.bz2#f0c5d1b1ca48eb122607e0d23be31bc6
https://conda.anaconda.org/anaconda/linux-64/fribidi-1.0.16-h9fb5f84_0.tar.bz2#00a00ca2cc1c5f51cc6821a801930184
https://conda.anaconda.org/anaconda/linux-64/gstreamer-orc-0.4.42-h59a7e29_0.tar.bz2#ad06a7c07c4256276fc0cfca2e5196bf
https://conda.anaconda.org/anaconda/linux-64/lame-3.100-hbd0596d_1.tar.bz2#a2018620b3a8d453d48a292255cc17ba
https://conda.anaconda.org/anaconda/linux-64/libgcc-ng-15.2.0-h166f726_7.tar.bz2#895b3231eec771811214749d342fec9d
https://conda.anaconda.org/anaconda/linux-64/libgfortran5-15.2.0-hc633d37_7.tar.bz2#d8f93d6087efb4b5a0c405cf87e47e9c
https://conda.anaconda.org/anaconda/linux-64/libiconv-1.18-h75a1612_0.tar.bz2#52d1e5b216b38891e10160d12a428666
https://conda.anaconda.org/conda-forge/linux-64/liblzma-5.8.3-hb03c661_0.conda#b88d90cad08e6bc8ad540cb310a761fb
https://conda.anaconda.org/conda-forge/linux-64/libnsl-2.0.1-hb9d3cd8_1.conda#d864d34357c3b65a4b731f78c0801dc4
https://conda.anaconda.org/anaconda/linux-64/libopus-1.6.1-h9f10d21_0.tar.bz2#d33910f3d55ed6bd600fa7d2b1596885
https://conda.anaconda.org/anaconda/linux-64/libstdcxx-15.2.0-h39759b7_7.tar.bz2#d959f3f90f514b3240d74103ac0acd0b
https://conda.anaconda.org/anaconda/linux-64/libunistring-1.4.2-h34b0ebb_0.tar.bz2#9ec2c8786cd91aa96b26235fe06836d0
https://conda.anaconda.org/conda-forge/linux-64/libuuid-2.42-h5347b49_0.conda#38ffe67b78c9d4de527be8315e5ada2c
https://conda.anaconda.org/anaconda/linux-64/libuv-1.52.0-heb5a705_0.tar.bz2#e89694bae69d33d1abb79e81a9570684
https://conda.anaconda.org/anaconda/linux-64/libwebp-base-1.6.0-hb7bb969_0.tar.bz2#a1931ee4b137f6166fb99e5787bc0895
https://conda.anaconda.org/anaconda/linux-64/libxcrypt-4.5.2-h47b2149_0.tar.bz2#1c1cc8c03bfb679d32af20bba07d57ed
https://conda.anaconda.org/anaconda/linux-64/libzlib-1.3.1-h47b2149_1.tar.bz2#ce3f57d68c1842d64098188ca53315ab
https://conda.anaconda.org/anaconda/linux-64/ocl-icd-2.3.3-h47b2149_0.tar.bz2#e792b0e6a726e66f6d423cd6a22501ef
https://conda.anaconda.org/anaconda/linux-64/openssl-3.5.6-h1b28b03_0.tar.bz2#1d1eff1126e071414094c00290518e58
https://conda.anaconda.org/anaconda/linux-64/perl-5.42.2-1_h47b2149_perl5.tar.bz2#3c841892bbd17437442235df27cc27c2
https://conda.anaconda.org/conda-forge/linux-64/rav1e-0.8.1-h1fbca29_0.conda#d83958768626b3c8471ce032e28afcd3
https://conda.anaconda.org/anaconda/linux-64/aws-c-cal-0.9.13-h1b28b03_0.tar.bz2#0afd25175656c8b53138289657ca988b
https://conda.anaconda.org/anaconda/linux-64/aws-c-compression-0.3.2-h47b2149_0.tar.bz2#d6c939e05a83a781adabcfc8526e2454
https://conda.anaconda.org/anaconda/linux-64/aws-c-sdkutils-0.2.4-h47b2149_2.tar.bz2#d6863bedba5d8216fb621a56586e9fc9
https://conda.anaconda.org/anaconda/linux-64/aws-checksums-0.2.10-h47b2149_0.tar.bz2#796a01d19a6946b211d0598c1516700c
https://conda.anaconda.org/anaconda/linux-64/bzip2-1.0.8-h5eee18b_6.tar.bz2#f5058c8d5b2994b7334f18e022105a14
https://conda.anaconda.org/anaconda/linux-64/c-ares-1.34.6-hd44998d_0.tar.bz2#3772d25d65b6266cc183ce5f8a8cad00
https://conda.anaconda.org/anaconda/linux-64/dav1d-1.2.1-h5eee18b_0.tar.bz2#29684f3832212a3c977960c62c421119
https://conda.anaconda.org/conda-forge/linux-64/fast_float-8.1.0-hb700be7_0.conda#e76f27bc887647e4164cfbaba05f3a86
https://conda.anaconda.org/anaconda/linux-64/gflags-2.3.0-h861b1fb_0.tar.bz2#e9d38e92aef00995352b100343267f27
https://conda.anaconda.org/anaconda/linux-64/giflib-5.2.2-h5eee18b_0.tar.bz2#dd71853d7c8a1ca649c51956c07d32ba
https://conda.anaconda.org/anaconda/linux-64/icu-78.3-h84d19a5_0.tar.bz2#a167c24e22b2e2925fb6ab7a0b559514
https://conda.anaconda.org/conda-forge/linux-64/intel-gmmlib-22.10.0-hb700be7_0.conda#10909406c1b0e4b57f9f4f0eb0999af8
https://conda.anaconda.org/anaconda/linux-64/jansson-2.14-h5eee18b_1.tar.bz2#ac29b677f072ef017b9a063dbc07c4a4
https://conda.anaconda.org/anaconda/linux-64/jpeg-9f-h5ce9db8_0.tar.bz2#2a7c32df4d58482c2e753d6087524ec2
https://conda.anaconda.org/anaconda/linux-64/json-c-0.18-hee96239_0.tar.bz2#b6fa680f8d1b59673291706af26f74fc
https://conda.anaconda.org/anaconda/linux-64/lerc-4.1.0-h7354ed3_2.tar.bz2#5d83c62feacd8835a6028bb8c2801171
https://conda.anaconda.org/conda-forge/linux-64/level-zero-1.28.4-hb700be7_0.conda#c44c0485271b7b4c92dec39e9f7d096e
https://conda.anaconda.org/conda-forge/linux-64/libabseil-20260107.1-cxx17_h7b12aa8_0.conda#6f7b4302263347698fd24565fbf11310
https://conda.anaconda.org/anaconda/linux-64/libasprintf-0.25.1-hf2ab22a_0.tar.bz2#7ec77d8498e688bacc9e59a9e3a2034e
https://conda.anaconda.org/anaconda/linux-64/libbrotlicommon-1.2.0-h32cd6e7_0.tar.bz2#dadaee8753a9b5bdf56a8105285e6f1b
https://conda.anaconda.org/anaconda/linux-64/libcap-2.77-h47b2149_0.tar.bz2#d4dc501d1782eea0fe4b1c8c8a5e8b62
https://conda.anaconda.org/anaconda/linux-64/libdeflate-1.22-h5eee18b_0.tar.bz2#c75f9e8e2f44baf9a36b4d7ac80eb2bc
https://conda.anaconda.org/anaconda/linux-64/libev-4.33-h7f8727e_1.tar.bz2#eeca774c6154c49340dd403b1928d5e9
https://conda.anaconda.org/anaconda/linux-64/libexpat-2.8.0-h7354ed3_0.tar.bz2#ff2de84587de8261ec8241729a841cb5
https://conda.anaconda.org/anaconda/linux-64/libffi-3.4.8-hc5d346e_2.tar.bz2#c01e28b1692c7eb4bd65765d0bb100c6
https://conda.anaconda.org/anaconda/linux-64/libgettextpo-0.25.1-hf2ab22a_0.tar.bz2#719e9a86f5375ca33b9413909523d3a7
https://conda.anaconda.org/anaconda/linux-64/libgfortran-15.2.0-h166f726_7.tar.bz2#9537443cb1dcae4838a5d3acb36947a9
https://conda.anaconda.org/anaconda/linux-64/libglvnd-1.7.0-h5eee18b_2.tar.bz2#0df5b4e585769de6428d3f0b1164d316
https://conda.anaconda.org/conda-forge/linux-64/libhwy-1.4.0-h10be129_0.conda#3a9428b74c403c71048104d38437b48c
https://conda.anaconda.org/conda-forge/linux-64/liblzma-devel-5.8.3-hb03c661_0.conda#55c20edec8e90c4703787acaade60808
https://conda.anaconda.org/anaconda/linux-64/libogg-1.3.5-h27cfd23_1.tar.bz2#48ff183e45bf81c02fa5f9ce1ad669dc
https://conda.anaconda.org/anaconda/linux-64/libopenjpeg-2.5.4-hee96239_1.tar.bz2#bd0e71c7471ad7d1f0cada25c826df93
https://conda.anaconda.org/anaconda/linux-64/libpciaccess-0.18-h5eee18b_0.tar.bz2#3243f3efa6ca719ffe3e94c80020e989
https://conda.anaconda.org/anaconda/linux-64/libpng-1.6.56-h22898a0_0.tar.bz2#029d177432d5432b34dadeaa719073fb
https://conda.anaconda.org/anaconda/linux-64/libsanitizer-14.3.0-hd4faa28_4.tar.bz2#1ef24ecc853c61380e07312060dd02d0
https://conda.anaconda.org/conda-forge/linux-64/libssh2-1.11.1-hcf80075_0.conda#eecce068c7e4eddeb169591baac20ac4
https://conda.anaconda.org/anaconda/linux-64/libstdcxx-ng-15.2.0-hc03a8fd_7.tar.bz2#8716137513e14b292fa6f40c09980884
https://conda.anaconda.org/conda-forge/linux-64/liburing-2.13-hb700be7_0.conda#60adb61326a4a0072ed238f460b02029
https://conda.anaconda.org/anaconda/linux-64/lmdb-0.9.31-hb25bd0a_0.tar.bz2#d2fb8eb98fdc8b33662613602305fea2
https://conda.anaconda.org/anaconda/linux-64/make-4.2.1-h1bed415_1.tar.bz2#274e1eb00ae0a8c18557a5ce7e015e1b
https://conda.anaconda.org/anaconda/linux-64/mpg123-1.33.4-h7354ed3_0.tar.bz2#c030d9ec3981dff254fdc9313f6919a6
https://conda.anaconda.org/anaconda/linux-64/ncurses-6.5-h7934f7d_0.tar.bz2#3cdc8e83a37aa4ad4fa20a5a16cc068b
https://conda.anaconda.org/anaconda/linux-64/ninja-base-1.13.1-h0f57076_0.tar.bz2#8366e4446a8738208418d1990b12e7e3
https://conda.anaconda.org/anaconda/linux-64/openh264-2.6.0-ha05cbb4_1.tar.bz2#972ef896a2f4369a753e4369d74b1baa
https://conda.anaconda.org/anaconda/linux-64/pthread-stubs-0.3-h0ce48e5_1.tar.bz2#de7d258a4efcd8a63df73099c8e5d954
https://conda.anaconda.org/conda-forge/linux-64/pugixml-1.15-h3f63f65_0.conda#b11a4c6bf6f6f44e5e143f759ffa2087
https://conda.anaconda.org/anaconda/linux-64/rhash-1.4.6-hd199180_1.tar.bz2#5fc6c20d05fec84d7763086e4b4c6de8
https://conda.anaconda.org/anaconda/linux-64/s2n-1.6.2-h02aa81b_0.tar.bz2#b199146a2b5287172464d0959bbac85a
https://conda.anaconda.org/anaconda/linux-64/spirv-tools-2026.1-h24d9097_0.tar.bz2#2300f0f42a231355f3d1d6812b4b612b
https://conda.anaconda.org/conda-forge/linux-64/svt-av1-4.0.1-hecca717_0.conda#2a2170a3e5c9a354d09e4be718c43235
https://conda.anaconda.org/conda-forge/linux-64/tk-8.6.13-noxft_h366c992_103.conda#cffd3bdd58090148f4cfcd831f4b26ab
https://conda.anaconda.org/anaconda/linux-64/uriparser-0.9.8-h451ca9b_0.tar.bz2#3a0a6a531ee44a7688c5389b30d43acf
https://conda.anaconda.org/conda-forge/linux-64/x264-1!164.3095-h166bdaf_2.tar.bz2#6c99772d483f566d59e25037fea2c4b1
https://conda.anaconda.org/anaconda/linux-64/xorg-libxau-1.0.12-h9b100fa_0.tar.bz2#962cde7b3951cf7244e2ed2d059900a6
https://conda.anaconda.org/anaconda/linux-64/xorg-libxdmcp-1.1.5-h9b100fa_0.tar.bz2#06a53975cfb6a6c46f7c60a0860a546c
https://conda.anaconda.org/anaconda/linux-64/xorg-xorgproto-2024.1-h5eee18b_1.tar.bz2#47fbf3dec64342c6034a77c9b5a02155
https://conda.anaconda.org/conda-forge/linux-64/xz-gpl-tools-5.8.3-ha02ee65_0.conda#8f5e2c6726c1339287a3c76a2c138ac7
https://conda.anaconda.org/conda-forge/linux-64/xz-tools-5.8.3-hb03c661_0.conda#b62b615caa60812640f24db3a8d0fc87
https://conda.anaconda.org/anaconda/linux-64/zlib-1.3.1-h47b2149_1.tar.bz2#655db97c157a156f804497f4eb026f45
https://conda.anaconda.org/conda-forge/linux-64/aom-3.9.1-hac33072_0.conda#346722a0be40f6edc53f12640d301338
https://conda.anaconda.org/anaconda/linux-64/aws-c-io-0.26.3-h1b29dbc_0.tar.bz2#65b704779ef944ac8a3015d77b1e944a
https://conda.anaconda.org/anaconda/linux-64/eigen-3.4.0-hdb19cb5_0.tar.bz2#ce6e6ae2cb1df71dfae04426dfcddb01
https://conda.anaconda.org/anaconda/linux-64/expat-2.8.0-h7354ed3_0.tar.bz2#9646b3e9c34293b616596f2a8c81274f
https://conda.anaconda.org/anaconda/linux-64/gcc_impl_linux-64-14.3.0-h4943218_4.tar.bz2#6e292ab59db9a8e906b5dec000b96ba2
https://conda.anaconda.org/anaconda/linux-64/geos-3.10.6-h6a678d5_0.tar.bz2#8dac99e8fa30cfac1ce39c42a1f19d28
https://conda.anaconda.org/anaconda/linux-64/gettext-tools-0.25.1-h6a67909_0.tar.bz2#982e99faed9dbdf70578e453494c68e0
https://conda.anaconda.org/anaconda/linux-64/glog-0.7.1-h485759d_0.tar.bz2#5bcda8f8ed7f9f12b6fe2f4f7166a314
https://conda.anaconda.org/anaconda/linux-64/glslang-15.3.0-h24f8bec_1.tar.bz2#81488b0dbea9dc98a93dad284af188c6
https://conda.anaconda.org/anaconda/linux-64/gmp-6.3.0-h6a678d5_0.tar.bz2#35fd28cd000de8455792e65efac72fcf
https://conda.anaconda.org/anaconda/linux-64/graphite2-1.3.14-h295c915_1.tar.bz2#09fcddfe703ce76b4b2d7dd0b6d2f928
https://conda.anaconda.org/anaconda/linux-64/gtest-1.17.0-h5f83a47_0.tar.bz2#b505aed99ae2c05a6e5efb9796b54f28
https://conda.anaconda.org/anaconda/linux-64/libasprintf-devel-0.25.1-hf2ab22a_0.tar.bz2#52439a036d71c3d17210edbe0da767ae
https://conda.anaconda.org/conda-forge/linux-64/libblas-3.11.0-7_hc00574d_netlib.conda#bdc18b0a31b3141c6fc1b3bd9fa30fa4
https://conda.anaconda.org/anaconda/linux-64/libbrotlidec-1.2.0-ha2c5f68_0.tar.bz2#8acfc105febd845a0991c1fce21d2d03
https://conda.anaconda.org/anaconda/linux-64/libbrotlienc-1.2.0-h2e96acb_0.tar.bz2#90ab7ff53b3151044b480a216cc1d47a
https://conda.anaconda.org/conda-forge/linux-64/libdrm-2.4.125-hb03c661_1.conda#9314bc5a1fe7d1044dc9dfd3ef400535
https://conda.anaconda.org/anaconda/linux-64/libegl-1.7.0-h5eee18b_2.tar.bz2#4d3c0e3a219bee6d250216542b69245e
https://conda.anaconda.org/conda-forge/linux-64/libfreetype6-2.14.2-h73754d4_0.conda#8eaba3d1a4d7525c6814e861614457fd
https://conda.anaconda.org/anaconda/linux-64/libgettextpo-devel-0.25.1-hf2ab22a_0.tar.bz2#388a03fe90b3b7cdc74748030c9f6b9b
https://conda.anaconda.org/conda-forge/linux-64/libkml-1.3.0-haa4a5bd_1022.conda#00f0f4a9d2eb174015931b1a234d61ca
https://conda.anaconda.org/anaconda/linux-64/libkrb5-1.22.1-h869c75e_1.tar.bz2#48764e18f6e5b8f7dd1070456adce500
https://conda.anaconda.org/conda-forge/linux-64/libopenblas-0.3.33-pthreads_h94d23a6_0.conda#2d3278b721e40468295ca755c3b84070
https://conda.anaconda.org/anaconda/linux-64/libprotobuf-6.33.5-h4435b4a_0.tar.bz2#bb7e0eea6aacc7fc0d63f3faa9e065e5
https://conda.anaconda.org/conda-forge/linux-64/libsqlite-3.52.0-hf4e2dac_0.conda#fd893f6a3002a635b5e50ceb9dd2c0f4
https://conda.anaconda.org/conda-forge/linux-64/libsuitesparseconfig-7.10.1-h901830b_7100101.conda#57ae1dd979da7aa88a9b38bfa2e1d6b2
https://conda.anaconda.org/conda-forge/linux-64/libudev1-257.13-hd0affe5_0.conda#2c2270f93d6f9073cbf72d821dfc7d72
https://conda.anaconda.org/anaconda/linux-64/libunwind-1.8.3-h9c1abfd_0.tar.bz2#9c2bed8a0d72288e10e0efdf7fcc4591
https://conda.anaconda.org/anaconda/linux-64/libvorbis-1.3.7-h536e056_1.tar.bz2#eb5ca8debe77e3a6c64ca0fafb8d1e3e
https://conda.anaconda.org/anaconda/linux-64/libvpx-1.15.2-h4cb591d_0.tar.bz2#a274a413c0e35b157144d71be7aaa5cb
https://conda.anaconda.org/anaconda/linux-64/libxcb-1.17.0-h9b100fa_0.tar.bz2#623e472cf0c02599f01c49879dab1bb6
https://conda.anaconda.org/conda-forge/linux-64/libxml2-16-2.14.6-hca6bf5a_3.conda#d6a4f5f909f451af83ca210308147887
https://conda.anaconda.org/anaconda/linux-64/lz4-c-1.9.4-h6a678d5_1.tar.bz2#76f089e76ec67583bb38428b51008097
https://conda.anaconda.org/anaconda/linux-64/metis-5.1.0-hf484d3e_4.tar.bz2#0f47d15d9f839362c6b2a755cb10d93b
https://conda.anaconda.org/anaconda/linux-64/pcre2-10.46-hf426167_0.tar.bz2#728e1205b43ce7b5b8dd71fe739891b4
https://conda.anaconda.org/anaconda/linux-64/pixman-0.46.4-h7934f7d_0.tar.bz2#a59f97b6d67c0b41f08a8ed649f6d8a1
https://conda.anaconda.org/anaconda/linux-64/readline-8.3-hc2a1206_0.tar.bz2#7ae5a77a62d93f38e777a71b56c396cf
https://conda.anaconda.org/conda-forge/linux-64/x265-3.5-h924138e_3.tar.bz2#e7f6ed84d4623d52ee581325c1587a6b
https://conda.anaconda.org/anaconda/linux-64/xerces-c-3.3.0-h8929472_1.tar.bz2#42223b742826d5b6f0dee86ba85bf4b6
https://conda.anaconda.org/anaconda/linux-64/xorg-libice-1.1.2-h9b100fa_0.tar.bz2#f1a404b305a38ca8f388e41861dd7a01
https://conda.anaconda.org/conda-forge/linux-64/xz-5.8.3-ha02ee65_0.conda#6a1b6af49a334e4e06b9f103367762bf
https://conda.anaconda.org/anaconda/linux-64/aws-c-http-0.10.13-h47b2149_0.tar.bz2#bb8cb920226f3951a67871d08c4e10fc
https://conda.anaconda.org/anaconda/linux-64/conda-gcc-specs-14.3.0-h214dd08_4.tar.bz2#d581db813af6459755f3b80b38e7c7fa
https://conda.anaconda.org/anaconda/linux-64/gcc_linux-64-14.3.0-hda73cce_14.tar.bz2#774caa87847ed8f55027e91849d2f9cf
https://conda.anaconda.org/anaconda/linux-64/gettext-0.25.1-h92eb808_0.tar.bz2#4f015e8d575ea6735cf51c8ed71d8b8b
https://conda.anaconda.org/conda-forge/linux-64/gperftools-2.18.1-h65a8314_0.conda#580e68c39529cb81ac43948c07ea8a6c
https://conda.anaconda.org/anaconda/linux-64/gxx_impl_linux-64-14.3.0-he634eba_4.tar.bz2#77e2342620626f2d330991b83ca90590
https://conda.anaconda.org/conda-forge/linux-64/libamd-3.3.3-h456b2da_7100101.conda#a067596d679bcde85375143e7c374738
https://conda.anaconda.org/conda-forge/linux-64/libavif16-1.4.1-hcfa2d63_0.conda#f79415aee8862b3af85ea55dea37e46b
https://conda.anaconda.org/conda-forge/linux-64/libbtf-2.3.2-hf02c80a_7100101.conda#6f4aec52002defbdf3e24eb79e56a209
https://conda.anaconda.org/conda-forge/linux-64/libcamd-3.3.3-hf02c80a_7100101.conda#1c9d1532caadece8adc2d14c6d4fc726
https://conda.anaconda.org/conda-forge/linux-64/libcblas-3.11.0-7_h8e06fc2_netlib.conda#5febfe8ecc44ffab4f03b026fd63abb8
https://conda.anaconda.org/conda-forge/linux-64/libccolamd-3.3.4-hf02c80a_7100101.conda#e5107e02dc4c2f9f41eef72d72c23517
https://conda.anaconda.org/conda-forge/linux-64/libcolamd-3.3.4-hf02c80a_7100101.conda#56d4c5542887e8955f21f8546ad75d9d
https://conda.anaconda.org/conda-forge/linux-64/libcxsparse-4.4.1-hf02c80a_7100101.conda#917931d508582ef891bbac172294d9fb
https://conda.anaconda.org/conda-forge/linux-64/libfreetype-2.14.2-ha770c72_0.conda#26c746d14402a3b6c684d045b23b9437
https://conda.anaconda.org/anaconda/linux-64/libglib-2.86.3-h8b17d9a_0.tar.bz2#d3a25fbdc73bdf47ff281c36aa205678
https://conda.anaconda.org/conda-forge/linux-64/libjxl-0.11.2-h174a0a3_1.conda#850f48943d6b4589800a303f0de6a816
https://conda.anaconda.org/conda-forge/linux-64/liblapack-3.11.0-7_h8876d29_netlib.conda#3bb4c3696602a7d3a4243d165e8fd867
https://conda.anaconda.org/conda-forge/linux-64/libldl-3.3.2-hf02c80a_7100101.conda#19b71122fea7f6b1c4815f385b2da419
https://conda.anaconda.org/conda-forge/linux-64/librbio-4.3.4-hf02c80a_7100101.conda#4b3a3d711d1c1f76f7f440e51458f512
https://conda.anaconda.org/conda-forge/linux-64/libusb-1.0.29-h73b1eb8_0.conda#d17e3fb595a9f24fa9e149239a33475d
https://conda.anaconda.org/conda-forge/linux-64/libxml2-2.14.6-he237659_3.conda#57e0f440064e9b70007233d53ce4835d
https://conda.anaconda.org/anaconda/linux-64/mpfr-4.2.1-h5eee18b_0.tar.bz2#209884aebdcc837565aa6e306775d860
https://conda.anaconda.org/conda-forge/linux-64/openblas-0.3.33-pthreads_h6ec200e_0.conda#7ed92a9ace1e050a2eca9fe50aa94c81
https://conda.anaconda.org/conda-forge/linux-64/python-3.10.20-h3c07f61_0_cpython.conda#5d4e2b00d99feacd026859b7fa239dc0
https://conda.anaconda.org/anaconda/linux-64/shaderc-2025.5-hf5cb0ee_1.tar.bz2#1726781c6d4a5447ca3fae1974f97e7a
https://conda.anaconda.org/anaconda/linux-64/snappy-1.2.2-h4bcf44c_1.tar.bz2#76bf4505a04306d5c6ab8d21da8d303b
https://conda.anaconda.org/anaconda/linux-64/sqlite-3.51.2-h3e8d24a_0.tar.bz2#37bd7b26f5d98cd1d71484244faededd
https://conda.anaconda.org/anaconda/linux-64/wayland-1.24.0-hdac8c69_0.tar.bz2#b8c7d45a7462370f54810cc8de98b82a
https://conda.anaconda.org/conda-forge/linux-64/xorg-libsm-1.2.6-he73a12e_0.conda#1c74ff8c35dcadf952a16f752ca5aa49
https://conda.anaconda.org/conda-forge/linux-64/xorg-libx11-1.8.13-he1eb515_0.conda#861fb6ccbc677bb9a9fb2468430b9c6a
https://conda.anaconda.org/anaconda/linux-64/zstd-1.5.7-h11fc155_0.tar.bz2#69a30ca56822634a1287e3a6d8612fcd
https://conda.anaconda.org/anaconda/linux-64/aws-c-auth-0.10.1-h47b2149_0.tar.bz2#b70526637997da9355971007ee103ab2
https://conda.anaconda.org/conda-forge/linux-64/blosc-1.21.6-hef167b5_0.conda#54fe76ab3d0189acaef95156874db7f9
https://conda.anaconda.org/anaconda/linux-64/dbus-1.16.2-h5bd4931_0.tar.bz2#30954fc32a036cff065831075366c405
https://conda.anaconda.org/conda-forge/linux-64/fontconfig-2.17.1-h27c8c51_0.conda#867127763fbe935bab59815b6e0b7b5c
https://conda.anaconda.org/conda-forge/linux-64/freetype-2.14.2-ha770c72_0.conda#eeec961fec28e747e1e1dc0446277452
https://conda.anaconda.org/anaconda/linux-64/gcc-14.3.0-h83c8b5c_4.tar.bz2#da262d9d2a3b3d6d3f0cb58ac105710d
https://conda.anaconda.org/anaconda/linux-64/glib-tools-2.86.3-h9fad118_0.tar.bz2#d040332e70ce2ce7500dc5c1367dd8de
https://conda.anaconda.org/anaconda/linux-64/gstreamer-1.28.1-hbd6b80e_1.tar.bz2#cb9f0fb3d56b3235a7b313bbb68af1e4
https://conda.anaconda.org/anaconda/linux-64/gxx_linux-64-14.3.0-hca8765c_14.tar.bz2#fe67aa0b8cb86789910cfd9c0fb1f9b0
https://conda.anaconda.org/anaconda/linux-64/libarchive-3.8.7-hb3cce40_0.tar.bz2#1493aeff4859c8fc5430e1877730442d
https://conda.anaconda.org/conda-forge/linux-64/libavif-1.4.1-hcfa2d63_0.conda#8a460612a8239173f827af3b6db07dc0
https://conda.anaconda.org/conda-forge/linux-64/libcholmod-5.3.1-h9cf07ce_7100101.conda#f51e24ce110ae24c92074736a308e47e
https://conda.anaconda.org/anaconda/linux-64/libflac-1.5.0-hb705b29_1.tar.bz2#e027cd52cd1668959298918f397b6bdf
https://conda.anaconda.org/anaconda/linux-64/libglx-1.7.0-h5eee18b_2.tar.bz2#a332f571d677ae17037f0216eb3f0a6c
https://conda.anaconda.org/conda-forge/linux-64/libhwloc-2.12.1-default_hafda6a7_1003.conda#4fe840c6d6b3719b4231ed89d389bb17
https://conda.anaconda.org/anaconda/linux-64/libidn2-2.3.8-hf80d704_0.tar.bz2#8b1b7dd7acbcaf5abd981a74c7271b51
https://conda.anaconda.org/anaconda/linux-64/libnghttp2-1.69.0-hc59f8b6_0.tar.bz2#0c2ab1332fa6352b279d9dcb790923ad
https://conda.anaconda.org/conda-forge/linux-64/libspex-3.2.3-h9226d62_7100101.conda#63323b258079a75133ccecbb0902614d
https://conda.anaconda.org/anaconda/linux-64/libtiff-4.7.1-h029b1ac_0.tar.bz2#ba6bc8db016308c2358f8c88d94e052b
https://conda.anaconda.org/conda-forge/linux-64/minizip-4.0.10-h05a5f5f_0.conda#da01bb40572e689bd1535a5cee6b1d68
https://conda.anaconda.org/anaconda/linux-64/ninja-1.13.1-h06a4308_0.tar.bz2#3a7f1a36c24aeb916b20bf93c4d30b55
https://conda.anaconda.org/conda-forge/linux-64/numpy-2.2.6-py310hefbff90_0.conda#b0cea2c364bf65cd19e023040eeab05d
https://conda.anaconda.org/anaconda/linux-64/packaging-26.0-py310h06a4308_0.tar.bz2#6c73ca2540d30d745990a391e6ca9390
https://conda.anaconda.org/anaconda/linux-64/setuptools-82.0.1-py310h06a4308_0.tar.bz2#d1f788eb988f6012f9195e690a08f0f8
https://conda.anaconda.org/anaconda/linux-64/wayland-protocols-1.47-h51f6af0_0.tar.bz2#f433b31955b1f81373045bb5963082ef
https://conda.anaconda.org/anaconda/linux-64/xkeyboard-config-2.44-h382ed1a_1.tar.bz2#2b2107be3a5db33f294197a94f7f48e8
https://conda.anaconda.org/anaconda/linux-64/xorg-libxext-1.3.6-h9b100fa_0.tar.bz2#8187c859d4a6d3c4e6c555b1ea5e6c7e
https://conda.anaconda.org/conda-forge/linux-64/xorg-libxfixes-6.0.2-hb03c661_0.conda#ba231da7fccf9ea1e768caf5c7099b84
https://conda.anaconda.org/anaconda/linux-64/xorg-libxrender-0.9.12-h9b100fa_0.tar.bz2#a948f60eeaa06c1dea46f17d26a3636a
https://conda.anaconda.org/anaconda/linux-64/aws-c-s3-0.12.0-h1b28b03_1.tar.bz2#3a1a6f0d8297f67c07812a7781ea694d
https://conda.anaconda.org/conda-forge/linux-64/c-compiler-1.11.0-h4d9bdce_0.conda#abd85120de1187b0d1ec305c2173c71b
https://conda.anaconda.org/conda-forge/linux-64/cairo-1.18.4-he90730b_1.conda#bb6c4808bfa69d6f7f6b07e5846ced37
https://conda.anaconda.org/anaconda/linux-64/freexl-2.0.0-hf309648_0.tar.bz2#66fba742a11cdbb9293ea2ec9064182a
https://conda.anaconda.org/anaconda/linux-64/glib-2.86.3-h617169b_0.tar.bz2#22144b0f5719c53194811e8802994f6b
https://conda.anaconda.org/anaconda/linux-64/gxx-14.3.0-h36cfa25_4.tar.bz2#013678607ef669179b8c4abe1ebb6548
https://conda.anaconda.org/anaconda/linux-64/libcurl-8.20.0-hd8fa685_1.tar.bz2#45307f6cc7f6a547b37ab0c4ba72e4c6
https://conda.anaconda.org/anaconda/linux-64/libgl-1.7.0-h5eee18b_2.tar.bz2#3ada29c9c16f5d453cf1cc64b54b58a5
https://conda.anaconda.org/conda-forge/linux-64/libklu-2.3.5-h95ff59c_7100101.conda#efaa5e7dc6989363585fbb591480b256
https://conda.anaconda.org/anaconda/linux-64/libsndfile-1.2.2-ha54c36a_1.tar.bz2#91fa54370ce6bf1cb28098760c406e96
https://conda.anaconda.org/conda-forge/linux-64/libspqr-4.3.4-h23b7119_7100101.conda#c1ee33a71065c1f0efd9c8174d5f18b0
https://conda.anaconda.org/conda-forge/linux-64/libumfpack-6.3.5-h873dde6_7100101.conda#9626fc7667bc6c901c7a0a4004938c71
https://conda.anaconda.org/anaconda/linux-64/libxkbcommon-1.13.1-h13fa2f1_0.tar.bz2#1abaa2832b5dd9449842a1c48e5c6919
https://conda.anaconda.org/anaconda/linux-64/tbb-2022.3.0-h698db13_0.tar.bz2#ffa79e0c1f9d5c62057d714582c4e0f0
https://conda.anaconda.org/anaconda/linux-64/wheel-0.46.3-py310h06a4308_0.tar.bz2#fa2d9294346893c25604d9e4f94c8b2f
https://conda.anaconda.org/anaconda/linux-64/xorg-libxcursor-1.2.3-h9b100fa_0.tar.bz2#b65c56aacd6e965742eb6333dc80bd2e
https://conda.anaconda.org/conda-forge/linux-64/xorg-libxrandr-1.5.5-hb03c661_0.conda#e192019153591938acf7322b6459d36e
https://conda.anaconda.org/anaconda/linux-64/xorg-libxscrnsaver-1.2.4-h9b100fa_0.tar.bz2#6f71ca5ee70e9c791423de851c31b67b
https://conda.anaconda.org/conda-forge/linux-64/cmake-3.31.8-hc85cc9f_0.conda#057e16a12847eea846ecf99710d3591b
https://conda.anaconda.org/conda-forge/linux-64/cxx-compiler-1.11.0-hfcd1e18_0.conda#5da8c935dca9186673987f79cef0b2a5
https://conda.anaconda.org/anaconda/linux-64/gdk-pixbuf-2.44.6-h8a2e0e6_0.tar.bz2#b934f70d5fe1baf684825bcf48182936
https://conda.anaconda.org/anaconda/linux-64/gst-plugins-base-1.28.1-h0a46445_1.tar.bz2#cb8acac9903026ffa6fc48dd67a2f9e9
https://conda.anaconda.org/conda-forge/linux-64/harfbuzz-12.3.2-h6083320_0.conda#d170a70fc1d5c605fcebdf16851bd54a
https://conda.anaconda.org/anaconda/linux-64/hdf5-2.0.0-h91801a2_3.tar.bz2#1d0a087f5004b2fb82005cedbc7349a2
https://conda.anaconda.org/conda-forge/linux-64/libopenvino-2026.0.0-hb56ce9e_1.conda#9f0596e995efe372c470ff45c93131cb
https://conda.anaconda.org/conda-forge/linux-64/libparu-1.0.0-hc6afc67_7100101.conda#fd1d3e26c1b12c70f7449369ae3d9c1a
https://conda.anaconda.org/anaconda/linux-64/libva-2.23.0-h80f46ad_0.tar.bz2#8952aff232c65fc47c9aafd478d01ab4
https://conda.anaconda.org/conda-forge/linux-64/libvulkan-loader-1.4.341.0-h5279c79_0.conda#31ad065eda3c2d88f8215b1289df9c89
https://conda.anaconda.org/anaconda/noarch/pip-26.0.1-pyhc872135_1.tar.bz2#11defce13746dfdceeb8012e3e666389
https://conda.anaconda.org/anaconda/linux-64/proj-9.7.1-hc3015c9_0.tar.bz2#099acdc1038ee6e80eca41445d486637
https://conda.anaconda.org/anaconda/linux-64/pulseaudio-client-17.0-hec24eaf_1.tar.bz2#013d9a26c7205d4b2aca8d71175ba205
https://conda.anaconda.org/anaconda/linux-64/geotiff-1.7.4-h222b469_0.tar.bz2#4955168937a7e4791b0b37ea37c15a6e
https://conda.anaconda.org/conda-forge/linux-64/intel-media-driver-26.1.6-hecca717_0.conda#aaf7c3db8c7c4533deb5449d3ba1c51f
https://conda.anaconda.org/anaconda/linux-64/libass-0.17.4-h682e061_2.tar.bz2#3a4a6873a0d25579491c30144d848e31
https://conda.anaconda.org/conda-forge/linux-64/libopenvino-auto-batch-plugin-2026.0.0-hd85de46_1.conda#ee41df976413676f794af2785b291b0c
https://conda.anaconda.org/conda-forge/linux-64/libopenvino-auto-plugin-2026.0.0-hd85de46_1.conda#ca025fa5c42ba94453636a2ae333de6b
https://conda.anaconda.org/conda-forge/linux-64/libopenvino-hetero-plugin-2026.0.0-hd41364c_1.conda#07a23e96db38f63d9763f666b2db66aa
https://conda.anaconda.org/conda-forge/linux-64/libopenvino-intel-cpu-plugin-2026.0.0-hb56ce9e_1.conda#b43b96578573ddbcc8d084ae6e44c964
https://conda.anaconda.org/conda-forge/linux-64/libopenvino-intel-gpu-plugin-2026.0.0-hb56ce9e_1.conda#26e8e92c90d1a22af6eac8e9507d9b8f
https://conda.anaconda.org/conda-forge/linux-64/libopenvino-intel-npu-plugin-2026.0.0-hb56ce9e_1.conda#01ba8b179ac45b2b37fe2d4225dddcc7
https://conda.anaconda.org/conda-forge/linux-64/libopenvino-ir-frontend-2026.0.0-hd41364c_1.conda#aa002c4d343b01cdcc458c95cd071d1b
https://conda.anaconda.org/conda-forge/linux-64/libopenvino-onnx-frontend-2026.0.0-h7a07914_1.conda#218084544c2e7e78e4b8877ec37b8cdb
https://conda.anaconda.org/conda-forge/linux-64/libopenvino-paddle-frontend-2026.0.0-h7a07914_1.conda#74915e5e271ef76a89f711eff5959a75
https://conda.anaconda.org/conda-forge/linux-64/libopenvino-pytorch-frontend-2026.0.0-hecca717_1.conda#559ef86008749861a53025f669004f18
https://conda.anaconda.org/conda-forge/linux-64/libopenvino-tensorflow-frontend-2026.0.0-h78e8023_1.conda#fb20f4234bc0e29af1baa13d35e36785
https://conda.anaconda.org/conda-forge/linux-64/libopenvino-tensorflow-lite-frontend-2026.0.0-hecca717_1.conda#0f0281435478b981f672a44d0029018c
https://conda.anaconda.org/anaconda/linux-64/libspatialite-5.1.0-h9696827_4.tar.bz2#604eb1115501e99b1bebd65a7569b036
https://conda.anaconda.org/anaconda/linux-64/pango-1.56.4-h026457f_0.tar.bz2#729ca9bf6cfd8e95e44cdce74b09ce1e
https://conda.anaconda.org/conda-forge/linux-64/sdl3-3.2.30-h3b84278_0.conda#e275a47f63cca221ba9da6441c976ae2
https://conda.anaconda.org/conda-forge/linux-64/suitesparse-7.10.1-h5b2951e_7100101.conda#e927e0f248a498050443dab8bb1203a9
https://conda.anaconda.org/conda-forge/linux-64/ceres-solver-2.2.0-cpugplh3f48201_209.conda#3ea48ec90f5e75c752dbb8dcc3f7da52
https://conda.anaconda.org/anaconda/linux-64/libgdal-core-3.12.4-hf4800f0_0.tar.bz2#e30aeaacd441598be9155a831125bc7a
https://conda.anaconda.org/anaconda/linux-64/librsvg-2.62.1-h4367520_0.tar.bz2#f1a818d7add4f0821b3236ec7dd49860
https://conda.anaconda.org/conda-forge/linux-64/libvpl-2.16.0-h54a6638_0.conda#9f6b0090c3902b2c763a16f7dace7b6e
https://conda.anaconda.org/conda-forge/linux-64/sdl2-2.32.56-h54a6638_0.conda#cdd138897d94dc07d99afe7113a07bec
https://conda.anaconda.org/conda-forge/linux-64/ffmpeg-8.0.1-gpl_hcddb375_914.conda#f0e9f1452786e2b32907e8d9a6b3c752
https://conda.anaconda.org/conda-forge/linux-64/gdal-3.12.4-py310hea6e582_1.conda#97c75e87291c80bbc4d1fa9b4fbfd845
https://conda.anaconda.org/anaconda/linux-64/opencv-4.13.0-headless_py310h69ff1c5_6.tar.bz2#ba2aa54663a802c98f39e38fe7a47e93
https://conda.anaconda.org/anaconda/linux-64/libopencv-4.13.0-headless_py310h05a7c19_6.tar.bz2#0e0ff4b46c20abff9f97554bc7a56db9
https://conda.anaconda.org/anaconda/linux-64/py-opencv-4.13.0-headless_py310hc4f99ae_6.tar.bz2#29d3674e493a2c19afe8073906982a2b
