# Generated by conda-lock.
# platform: win-64
# input_hash: 62c74fece3abb39ba58526dd53634e3fe45c276549bfbfd941efbdcedfed4bbe
@EXPLICIT
https://conda.anaconda.org/anaconda/win-64/ca-certificates-2026.3.19-haa95532_0.tar.bz2#1ee931fac9777638d42b4a7f36082df1
https://conda.anaconda.org/anaconda/noarch/font-ttf-dejavu-sans-mono-2.37-hd3eb1b0_0.tar.bz2#801b4743a301a4e11cbd9609d418e101
https://conda.anaconda.org/anaconda/noarch/font-ttf-inconsolata-2.001-hcb22688_0.tar.bz2#d4a96c0ce14ac06cbd80976fa8439fb7
https://conda.anaconda.org/anaconda/noarch/font-ttf-source-code-pro-2.030-hd3eb1b0_0.tar.bz2#947240b599a47f2633706c6bdc591a17
https://conda.anaconda.org/anaconda/noarch/font-ttf-ubuntu-0.83-h8b1ccd4_0.tar.bz2#0b017158a7cd7c1683e00b4ae688dce4
https://conda.anaconda.org/conda-forge/win-64/onemkl-license-2025.3.1-h57928b3_12.conda#29ad104e60faa7ed1dc549ec029764bb
https://conda.anaconda.org/anaconda/win-64/python_abi-3.10-3_cp310.tar.bz2#dd185883263018563eca7243a40a8f24
https://conda.anaconda.org/anaconda/noarch/tzdata-2026a-he532380_0.tar.bz2#c72705274e82b3225166818d863180b0
https://conda.anaconda.org/anaconda/win-64/ucrt-10.0.22621.0-haa95532_0.tar.bz2#b89556d8841d1ca1d37e1d4b660d58ba
https://conda.anaconda.org/anaconda/win-64/vswhere-3.1.7-haa95532_0.tar.bz2#8cfc026db2b4a2fe96dc2c4e99ecfad8
https://conda.anaconda.org/anaconda/noarch/fonts-anaconda-1-h8fa9717_0.tar.bz2#7a445a2d9fbe2a88de8f09e9527f4ce1
https://conda.anaconda.org/conda-forge/win-64/libwinpthread-12.0.0.r4.gg4f2fc60ca-h57928b3_10.conda#8a86073cf3b343b87d03f41790d8b4e5
https://conda.anaconda.org/anaconda/win-64/vc14_runtime-14.44.35208-h4927774_10.tar.bz2#bb49becbcb3d1e4bc4b8dd076ea4199c
https://conda.anaconda.org/anaconda/win-64/vs2022_win-64-19.44.35207-hc920ad0_10.tar.bz2#b36ea46e8690e21fa63658b8512f7640
https://conda.anaconda.org/conda-forge/win-64/cxx-compiler-1.11.0-h1c1089f_0.conda#4d94d3c01add44dc9d24359edf447507
https://conda.anaconda.org/anaconda/noarch/fonts-conda-ecosystem-1-hd3eb1b0_0.tar.bz2#81135874e3942ccc48b79c12ec094849
https://conda.anaconda.org/conda-forge/win-64/libgomp-15.2.0-h8ee18e1_18.conda#939fb173e2a4d4e980ef689e99b35223
https://conda.anaconda.org/anaconda/win-64/ninja-base-1.13.1-h512dff2_0.tar.bz2#ab50e6b799547de5f92c3d64a8383e2b
https://conda.anaconda.org/anaconda/win-64/vs2015_runtime-14.44.35208-ha6b5a95_10.tar.bz2#ee159e59f61b9c7fc28cc73d81fdfeab
https://conda.anaconda.org/conda-forge/win-64/_openmp_mutex-4.5-20_gnu.conda#1626967b574d1784b578b52eaeb071e7
https://conda.anaconda.org/anaconda/win-64/vc-14.42-haa95532_5.tar.bz2#515894551c4f3754e750e88ce534e9cc
https://conda.anaconda.org/anaconda/win-64/aom-3.13.2-h8ecca34_0.tar.bz2#934e9c3a38fbde5984b23f711d78b071
https://conda.anaconda.org/anaconda/win-64/aws-c-common-0.12.6-h02ab6af_0.tar.bz2#4a0260e2b4ae3a3f96043db2e6587cb2
https://conda.anaconda.org/anaconda/win-64/bzip2-1.0.8-h2bbff1b_6.tar.bz2#11e0af09a31e2d5df51c65a342032b85
https://conda.anaconda.org/anaconda/win-64/dav1d-1.5.3-h6ac4d88_0.tar.bz2#7e9cfc06222996a0fc3a1e830ba22b1b
https://conda.anaconda.org/anaconda/win-64/eigen-3.4.0-h59b6b97_0.tar.bz2#d82a406f259b0a622bc1be65b70db384
https://conda.anaconda.org/conda-forge/win-64/fast_float-8.1.0-h49e36cd_0.conda#0f46f9dd7525d8429d81845e3f3e7878
https://conda.anaconda.org/anaconda/win-64/freeglut-3.8.0-hfcef157_0.tar.bz2#4bad53679c11d7f3cbce95a45636fc64
https://conda.anaconda.org/anaconda/win-64/fribidi-1.0.16-haf45083_0.tar.bz2#7c35b11142ea6a739135e78033fb5454
https://conda.anaconda.org/anaconda/win-64/geos-3.10.6-he74ecf9_0.tar.bz2#628d5a6403507522a2ef0543bc087ab6
https://conda.anaconda.org/anaconda/win-64/gflags-2.3.0-h8074b40_0.tar.bz2#d843c69d753dc943f4e3bcb49024c51c
https://conda.anaconda.org/anaconda/win-64/gmp-6.3.0-h537511b_0.tar.bz2#8295ec2743bd3566f3d6a014e467803a
https://conda.anaconda.org/anaconda/win-64/graphite2-1.3.14-hd77b12b_1.tar.bz2#4d49aebabfe7d2a3b50a1985c1813e42
https://conda.anaconda.org/anaconda/win-64/gstreamer-orc-0.4.42-h614cf89_0.tar.bz2#ac4578242a09f4786080108c8e1f6583
https://conda.anaconda.org/anaconda/win-64/gtest-1.17.0-h01d6923_0.tar.bz2#345886bf9727f09d7157fdcc1abab5fd
https://conda.anaconda.org/anaconda/win-64/icu-78.3-h99bb849_0.tar.bz2#1972b7d9fe7ac91d9dc313a3d42e0c07
https://conda.anaconda.org/anaconda/win-64/jpeg-9f-ha349fce_0.tar.bz2#8ffada6365cd9284debe6642d92e6a25
https://conda.anaconda.org/anaconda/win-64/lame-3.100-hbe34c35_1.tar.bz2#517b3a3c80b8534195506027c5eee6b3
https://conda.anaconda.org/anaconda/win-64/lerc-4.1.0-hd7fb8db_2.tar.bz2#53d2a1103dd9a9a00a8b5e132883a068
https://conda.anaconda.org/anaconda/win-64/libabseil-20260107.0-cxx17_hc587421_0.tar.bz2#7b9a234e3f903aa08a02a1d483e09946
https://conda.anaconda.org/anaconda/win-64/libbrotlicommon-1.2.0-h907acca_0.tar.bz2#56e196ce8bea259a3be91d8940f8dcfe
https://conda.anaconda.org/anaconda/win-64/libdeflate-1.22-h5bf469e_0.tar.bz2#5bd6c216dd03f3ccf9d108b7c8a29367
https://conda.anaconda.org/anaconda/win-64/libexpat-2.8.0-hd7fb8db_0.tar.bz2#7ffceacc377851c6dc6abcc3b4448f2a
https://conda.anaconda.org/anaconda/win-64/libffi-3.4.8-h2b21627_2.tar.bz2#1c67eefff4a1931004cb27974ddf84e9
https://conda.anaconda.org/conda-forge/win-64/libgcc-15.2.0-h8ee18e1_18.conda#b085746891cca3bd2704a450a7b4b5ce
https://conda.anaconda.org/anaconda/win-64/libiconv-1.18-hc89ec93_0.tar.bz2#650e09b86b73fd29172d65fb8b3282df
https://conda.anaconda.org/anaconda/win-64/libkrb5-1.22.1-h3d06f0e_1.tar.bz2#752b95d131050fc29dc3bcc9274c9f5e
https://conda.anaconda.org/conda-forge/win-64/liblzma-5.8.3-hfd05255_0.conda#8f83619ab1588b98dd99c90b0bfc5c6d
https://conda.anaconda.org/anaconda/win-64/libogg-1.3.5-h2bbff1b_1.tar.bz2#c779e8e6abd2612c0f4b2923d7b9c705
https://conda.anaconda.org/conda-forge/win-64/libopenblas-0.3.33-pthreads_h877e47f_0.conda#51d4c0bc3695f63375d095004dc2597c
https://conda.anaconda.org/anaconda/win-64/libopenjpeg-2.5.4-h02ab6af_1.tar.bz2#bdae6b6bd1f52508c43e7fe5d1e19c93
https://conda.anaconda.org/anaconda/win-64/libopus-1.6.1-h27dd113_0.tar.bz2#cf2916f3453f895f84f5dc91775df04a
https://conda.anaconda.org/conda-forge/win-64/libsqlite-3.53.1-hf5d6505_0.conda#7fea434a17c323256acc510a041b80d7
https://conda.anaconda.org/conda-forge/win-64/libsuitesparseconfig-7.10.1-h0795de7_7100102.conda#bd5a0476ad625b75629f2b1b136edf19
https://conda.anaconda.org/anaconda/win-64/libuv-1.52.0-hd0d7782_0.tar.bz2#d5f1861642d21cfe983a3146b8dfc406
https://conda.anaconda.org/anaconda/win-64/libwebp-base-1.6.0-hbf3958f_0.tar.bz2#eeb1c3e25645f6b4a178a8b98d9e7ef3
https://conda.anaconda.org/anaconda/win-64/libzlib-1.3.1-h1c6eee0_1.tar.bz2#a300b72355e80b840e47af0ab9887f83
https://conda.anaconda.org/conda-forge/win-64/llvm-openmp-22.1.4-h4fa8253_0.conda#761757ab617e8bfef18cc422dd02bbad
https://conda.anaconda.org/anaconda/win-64/lz4-c-1.9.4-h2bbff1b_1.tar.bz2#320f40b75d93f3b96931c6d13c23946c
https://conda.anaconda.org/anaconda/win-64/metis-5.1.0-h6538335_4.tar.bz2#abe820ad9863411a8e5ae386bcae0bc7
https://conda.anaconda.org/anaconda/win-64/openh264-2.6.0-hfbc89d2_1.tar.bz2#3b68b239b0f6ce4b43193b7bca3dea27
https://conda.anaconda.org/anaconda/win-64/openssl-3.5.6-hbb43b14_0.tar.bz2#4af46fba1548b09209650cfbcf6ebf0b
https://conda.anaconda.org/anaconda/win-64/pixman-0.46.4-h4043f72_0.tar.bz2#a90b06706795b88b913313bec06734ea
https://conda.anaconda.org/anaconda/win-64/snappy-1.2.2-hab6b7b3_1.tar.bz2#ba9632d870849506421dc45297feecd3
https://conda.anaconda.org/anaconda/win-64/spirv-tools-2026.1-h169ad4e_0.tar.bz2#5532808c871b03c89603e67f719a146b
https://conda.anaconda.org/anaconda/win-64/sqlite-3.51.2-hee5a0db_0.tar.bz2#51632f555bc378d091e66a5753312b77
https://conda.anaconda.org/anaconda/win-64/svt-av1-3.1.2-hd7fb8db_0.tar.bz2#e100969ffcb99a9061bcce3302c24ec7
https://conda.anaconda.org/conda-forge/win-64/tk-8.6.13-h6ed50ae_3.conda#0481bfd9814bf525bd4b3ee4b51494c4
https://conda.anaconda.org/anaconda/win-64/uriparser-0.9.8-h1a0bd13_0.tar.bz2#347f285824e8b169ce4632bc337d4aac
https://conda.anaconda.org/anaconda/win-64/xerces-c-3.3.0-hd7fb8db_1.tar.bz2#1f5ecab6231f50437824ebdb1546eefb
https://conda.anaconda.org/anaconda/win-64/aws-c-cal-0.9.13-h630b2a1_0.tar.bz2#eede58e534c721ca775903bc07f2e3ad
https://conda.anaconda.org/anaconda/win-64/aws-c-compression-0.3.2-h1c6eee0_0.tar.bz2#b10d7f89241f025eaf47fbbf8f889c35
https://conda.anaconda.org/anaconda/win-64/aws-c-sdkutils-0.2.4-h02ab6af_2.tar.bz2#90041ed93c1b4f9918bd997df601abb7
https://conda.anaconda.org/anaconda/win-64/aws-checksums-0.2.10-h1c6eee0_0.tar.bz2#87cf1e499fcd89761f5382f0e1b3cd55
https://conda.anaconda.org/anaconda/win-64/expat-2.8.0-hd7fb8db_0.tar.bz2#3eb9d821654b1b9c2eff255c51ac53bd
https://conda.anaconda.org/anaconda/win-64/glog-0.7.1-h5c3225e_0.tar.bz2#ea83cfbbaa22e8d33866476fca104ad8
https://conda.anaconda.org/anaconda/win-64/glslang-15.3.0-h24d2405_1.tar.bz2#614a06bce9e09e05540b43a6ed0f3024
https://conda.anaconda.org/conda-forge/win-64/libamd-3.3.3-h60129d2_7100102.conda#6e5b70d3f9ca3453f55ddd6082dfdf64
https://conda.anaconda.org/anaconda/win-64/libavif-1.3.0-h87e066f_1.tar.bz2#9da36f45c928375ca47075e40950389d
https://conda.anaconda.org/anaconda/win-64/libbrotlidec-1.2.0-h02c67a5_0.tar.bz2#61b8956b21e5bbd7e7e703c7ce1cb78a
https://conda.anaconda.org/anaconda/win-64/libbrotlienc-1.2.0-h483e6b9_0.tar.bz2#055a7403502e6d367b4061cee8f6476a
https://conda.anaconda.org/conda-forge/win-64/libbtf-2.3.2-h8c1c262_7100102.conda#2d0e918667b02ca4d2e323f6cdc26795
https://conda.anaconda.org/conda-forge/win-64/libcamd-3.3.3-h8c1c262_7100102.conda#d236ed8f95bb2448b4b3ef16aec17ba9
https://conda.anaconda.org/conda-forge/win-64/libccolamd-3.3.4-h8c1c262_7100102.conda#eab3eb47c02d7415c531e488a23d76a7
https://conda.anaconda.org/conda-forge/win-64/libcolamd-3.3.4-h8c1c262_7100102.conda#d0d065d0e1813889373121b78309f609
https://conda.anaconda.org/conda-forge/win-64/libcxsparse-4.4.1-h8c1c262_7100102.conda#354d160465fffe2b9e58eb6b0fdec9b2
https://conda.anaconda.org/conda-forge/win-64/libkml-1.3.0-h68a222c_1022.conda#6800434a33b644e46c28ffa3ec18afb1
https://conda.anaconda.org/conda-forge/win-64/libldl-3.3.2-h8c1c262_7100102.conda#aa6f0dc574ad1ab6bc1a9b0d0f834b11
https://conda.anaconda.org/conda-forge/win-64/liblzma-devel-5.8.3-hfd05255_0.conda#7845201435d0c7c0a02269c2742da1cc
https://conda.anaconda.org/anaconda/win-64/libpng-1.6.56-h2854ad3_0.tar.bz2#fc2c156e942fd0c337a36e2d593ee36b
https://conda.anaconda.org/conda-forge/win-64/librbio-4.3.4-h8c1c262_7100102.conda#ddd22f5e2e251abe7c3394e010856f4d
https://conda.anaconda.org/conda-forge/win-64/libssh2-1.11.1-h9aa295b_0.conda#9dce2f112bfd3400f4f432b3d0ac07b2
https://conda.anaconda.org/anaconda/win-64/libtheora-1.2.0-habf309d_1.tar.bz2#322774c1cd42afda2ef634d997f62e50
https://conda.anaconda.org/anaconda/win-64/libvorbis-1.3.7-he912a1a_1.tar.bz2#ff03c292d101a2636bdfd2aefd3bd343
https://conda.anaconda.org/conda-forge/win-64/libxml2-16-2.14.6-h3cfd58e_3.conda#7e26d43d6332a42cb31df19150aa4601
https://conda.anaconda.org/conda-forge/win-64/make-4.4.1-h0e40799_2.conda#77ff648ad9fec660f261aa8ab0949f62
https://conda.anaconda.org/anaconda/win-64/mpfr-4.2.1-h56c3642_0.tar.bz2#deec9f38ea52c09d8ede5b78869e2829
https://conda.anaconda.org/conda-forge/win-64/openblas-0.3.33-pthreads_h4a7f399_0.conda#832c0d489b91b7a8756107727b8d6cd7
https://conda.anaconda.org/conda-forge/win-64/python-3.10.20-hc20f281_0_cpython.conda#6c18c24d33a7ac8a4f81c68b8eb8581b
https://conda.anaconda.org/conda-forge/win-64/xz-tools-5.8.3-hfd05255_0.conda#01b20ff45704b888d218f31a3aa3ea2a
https://conda.anaconda.org/anaconda/win-64/zlib-1.3.1-h1c6eee0_1.tar.bz2#f940fe26576179348dc5b61131aa0016
https://conda.anaconda.org/anaconda/win-64/aws-c-io-0.26.3-h1c6eee0_0.tar.bz2#15b5e53ccc0f8be4f31a249277cc5f21
https://conda.anaconda.org/anaconda/win-64/freetype-2.14.1-hfbffc0b_0.tar.bz2#a6656c4ee4d4bce4c1907749cc37a58e
https://conda.anaconda.org/conda-forge/win-64/libfreetype6-2.14.1-hdbac1cb_0.conda#6e7c5c5ab485057b5d07fd8188ba5c28
https://conda.anaconda.org/anaconda/win-64/libprotobuf-6.33.5-h65d7223_0.tar.bz2#ef481cf1bc2ef7d46756ff91a5b2f7e8
https://conda.anaconda.org/conda-forge/win-64/libspex-3.2.3-h2f847cc_7100102.conda#8736b72696e63c678b5207064a9fe6f0
https://conda.anaconda.org/conda-forge/win-64/libxml2-2.14.6-h779ef1b_3.conda#4e4feab78252669572eb1b01076d3425
https://conda.anaconda.org/anaconda/win-64/ninja-1.13.1-haa95532_0.tar.bz2#7c5b40c1d400c107981c7454c13408d3
https://conda.anaconda.org/anaconda/win-64/packaging-26.0-py310haa95532_0.tar.bz2#5e761f8fc697c85eef42fc81e27f556e
https://conda.anaconda.org/anaconda/win-64/pcre2-10.46-h5740b90_0.tar.bz2#4ab3e048e11018a0461ceca64796424c
https://conda.anaconda.org/anaconda/win-64/setuptools-82.0.1-py310haa95532_0.tar.bz2#bc4101e95bafb8b16eb98864ab9a9410
https://conda.anaconda.org/anaconda/win-64/shaderc-2025.5-hb3e6fc5_1.tar.bz2#13df0bbb89331641c83d9d490276a8b8
https://conda.anaconda.org/conda-forge/win-64/xz-5.8.3-hb6c8415_0.conda#46f70d503d68c55c104a564928a39852
https://conda.anaconda.org/anaconda/win-64/aws-c-http-0.10.13-h1c6eee0_0.tar.bz2#4cb642c28f73e21263981c5a08b5845d
https://conda.anaconda.org/anaconda/win-64/fontconfig-2.17.1-hdacb8fd_0.tar.bz2#bdfc7707fe70b1c12c04e0e9d83c3b93
https://conda.anaconda.org/conda-forge/win-64/libfreetype-2.14.1-h57928b3_0.conda#3235024fe48d4087721797ebd6c9d28c
https://conda.anaconda.org/anaconda/win-64/libglib-2.86.3-h9bccc14_0.tar.bz2#49293643c30180298ae7cf94f10e9fa9
https://conda.anaconda.org/conda-forge/win-64/libhwloc-2.12.1-default_h4379cf1_1003.conda#d1699ce4fe195a9f61264a1c29b87035
https://conda.anaconda.org/anaconda/win-64/wheel-0.46.3-py310haa95532_0.tar.bz2#d7b6467ce1c8f70158889980b033c90f
https://conda.anaconda.org/anaconda/win-64/zstd-1.5.7-h56299aa_0.tar.bz2#63b4871fee1e1959f7b7006b63b2cb2b
https://conda.anaconda.org/anaconda/win-64/aws-c-auth-0.10.1-h1c6eee0_0.tar.bz2#fd98d93d4db92202cf025470c09fa93f
https://conda.anaconda.org/conda-forge/win-64/blosc-1.21.6-h85f69ea_0.conda#2390269374fded230fcbca8332a4adc0
https://conda.anaconda.org/conda-forge/win-64/cairo-1.18.4-h477c42c_1.conda#52ea1beba35b69852d210242dd20f97d
https://conda.anaconda.org/anaconda/win-64/glib-tools-2.86.3-h3823947_0.tar.bz2#7cf659fa530d4941787f626c8a485cba
https://conda.anaconda.org/anaconda/win-64/gstreamer-1.28.1-h3e520db_1.tar.bz2#7cdcea1dc225af47f291bb71db8d8696
https://conda.anaconda.org/anaconda/win-64/libarchive-3.8.7-h8d653b7_0.tar.bz2#d9cd3875237d87e2ea881298cc01c684
https://conda.anaconda.org/anaconda/win-64/libcurl-8.20.0-h9440e04_1.tar.bz2#eac639cd372d59d52a222d0ebbab6d37
https://conda.anaconda.org/anaconda/win-64/libtiff-4.7.1-h3a18249_0.tar.bz2#f12ff2a4efd1dd089d07f39f6a1bb01a
https://conda.anaconda.org/conda-forge/win-64/minizip-4.0.10-h9fa1bad_0.conda#2ffdc180adc65f509e996d63513c04b7
https://conda.anaconda.org/anaconda/noarch/pip-26.0.1-pyhc872135_1.tar.bz2#11defce13746dfdceeb8012e3e666389
https://conda.anaconda.org/anaconda/win-64/tbb-2022.3.0-h90c84d6_0.tar.bz2#386ac0fdc3bf21317e03762cf90695c2
https://conda.anaconda.org/anaconda/win-64/aws-c-s3-0.12.0-h1c6eee0_1.tar.bz2#bbbce54c6bc537c0f0e599b9720c3447
https://conda.anaconda.org/conda-forge/win-64/cmake-3.31.8-hdcbee5b_0.conda#96afa0e05c4a683b1c3de91b0259b235
https://conda.anaconda.org/anaconda/win-64/freexl-2.0.0-hd7a5696_0.tar.bz2#4ee1c7ba72a00662bbf30c98d7c7f71f
https://conda.anaconda.org/anaconda/win-64/glib-2.86.3-h60240c0_0.tar.bz2#8f9846b78025a0ca4f5b78fa30ece4d9
https://conda.anaconda.org/anaconda/win-64/gst-plugins-base-1.28.1-hc29fa2e_1.tar.bz2#eb7636566eb58602a460f30cfdebaf84
https://conda.anaconda.org/anaconda/win-64/harfbuzz-12.3.0-h807c389_2.tar.bz2#6b3c2dfe55567487784f599c3947ba09
https://conda.anaconda.org/anaconda/win-64/lcms2-2.19-h03dfe48_0.tar.bz2#01eee48a1f939c7d24e5942468f47393
https://conda.anaconda.org/conda-forge/win-64/mkl-2025.3.1-hac47afa_12.conda#a3b1ee571898432da7e13ecb7bfd76ae
https://conda.anaconda.org/anaconda/win-64/proj-9.7.1-hb43cae5_0.tar.bz2#01b1dbabd01a8946113ccc3f117d0e9c
https://conda.anaconda.org/anaconda/win-64/gdk-pixbuf-2.44.6-hae97c2b_0.tar.bz2#a7fe56023c5383cb4c6599f09d2ede09
https://conda.anaconda.org/anaconda/win-64/geotiff-1.7.4-hfa75976_0.tar.bz2#a7eafea82e48b3307cc5fa8d2314b95f
https://conda.anaconda.org/anaconda/win-64/hdf5-2.0.0-h397322d_3.tar.bz2#71a2abe2c10533bd72dc4464192e6e41
https://conda.anaconda.org/conda-forge/win-64/libblas-3.11.0-6_hf2e6a31_mkl.conda#95543eec964b4a4a7ca3c4c9be481aa1
https://conda.anaconda.org/anaconda/win-64/libspatialite-5.1.0-he617f1f_4.tar.bz2#3b0e4cb7b6054e62f4bdf18a3652df63
https://conda.anaconda.org/anaconda/win-64/openjpeg-2.5.4-h56d5a42_1.tar.bz2#e47e5d35e4a2dd70df98649db0d8394e
https://conda.anaconda.org/anaconda/win-64/pango-1.56.4-h55601a1_0.tar.bz2#182647518397d92f9102ee758ae33284
https://conda.anaconda.org/conda-forge/win-64/libcblas-3.11.0-6_h2a3cdd5_mkl.conda#9e4bf521c07f4d423cba9296b7927e3c
https://conda.anaconda.org/anaconda/win-64/libgdal-core-3.12.4-h552bdea_0.tar.bz2#f8c57a020b13f3a898a5b8e83ab92768
https://conda.anaconda.org/conda-forge/win-64/liblapack-3.11.0-6_hf9ab0e9_mkl.conda#7e9cdaf6f302142bc363bbab3b5e7074
https://conda.anaconda.org/anaconda/win-64/librsvg-2.62.1-hc9ec8cf_0.tar.bz2#a3cc320e11cfe6d797d260e7f946b0cf
https://conda.anaconda.org/anaconda/win-64/ffmpeg-8.0.1-h51788de_5.tar.bz2#3d56e62d85ead1cca80d76705c04c265
https://conda.anaconda.org/conda-forge/win-64/libcholmod-5.3.1-hdf2ebef_7100102.conda#5fbe879c0045251c0496a69afb48f6a5
https://conda.anaconda.org/conda-forge/win-64/numpy-2.2.6-py310h4987827_0.conda#d2596785ac2cf5bab04e2ee9e5d04041
https://conda.anaconda.org/conda-forge/win-64/gdal-3.12.4-py310hb9d707d_1.conda#790f97483ebff1c640163f544d7ffef3
https://conda.anaconda.org/conda-forge/win-64/libklu-2.3.5-h77a2eaa_7100102.conda#981ca310c30ddbe864a37a159fceb3fc
https://conda.anaconda.org/conda-forge/win-64/libspqr-4.3.4-h60c7c62_7100102.conda#85bd703685e5ff50629fe6c0dfd3157e
https://conda.anaconda.org/conda-forge/win-64/libumfpack-6.3.5-h4ca129d_7100102.conda#e970ea4aee9834bf54278c4ca5744a02
https://conda.anaconda.org/anaconda/win-64/opencv-4.13.0-headless_py310h1dc2157_6.tar.bz2#f4177491251c9ae5596fa50e482caf6c
https://conda.anaconda.org/anaconda/win-64/libopencv-4.13.0-headless_py310h2bad04d_6.tar.bz2#96a63575448d214dd959a785aa4bdc81
https://conda.anaconda.org/conda-forge/win-64/libparu-1.0.0-hd80212b_7100102.conda#cb99a7bcbd22bbbf3d765702d431beb5
https://conda.anaconda.org/anaconda/win-64/py-opencv-4.13.0-headless_py310h4d12c21_6.tar.bz2#8c3640719dd4c2b68565a393861e5873
https://conda.anaconda.org/conda-forge/win-64/suitesparse-7.10.1-hfa24a04_7100102.conda#22f7b99d3a3687d1e24466858098d3ac
https://conda.anaconda.org/conda-forge/win-64/ceres-solver-2.2.0-cpugplhddf73de_209.conda#c1c6593a61cfb08747f94d1fc57a53a0
