# Generated by conda-lock.
# platform: linux-64
# input_hash: a148a6b522d6b7cd6aa024bacec9c82451e8e21896de74fea8ee606bb878df7f
@EXPLICIT
https://conda.anaconda.org/anaconda/linux-64/_openmp_mutex-5.1-52_gnu.tar.bz2#9fc9aff1a9d85b7d0dd3bad20081f29c
https://conda.anaconda.org/anaconda/linux-64/ca-certificates-2026.5.14-h06a4308_0.tar.bz2#4442d01050991e61de9107b1140d0e3c
https://conda.anaconda.org/conda-forge/linux-64/eigen-abi-5.0.1.80-hf414acd_0.conda#a85c1768af7780d67c6446c17848b76f
https://conda.anaconda.org/anaconda/noarch/font-ttf-dejavu-sans-mono-2.37-hd3eb1b0_0.tar.bz2#801b4743a301a4e11cbd9609d418e101
https://conda.anaconda.org/anaconda/noarch/font-ttf-inconsolata-2.001-hcb22688_0.tar.bz2#d4a96c0ce14ac06cbd80976fa8439fb7
https://conda.anaconda.org/anaconda/noarch/font-ttf-source-code-pro-2.030-hd3eb1b0_0.tar.bz2#947240b599a47f2633706c6bdc591a17
https://conda.anaconda.org/anaconda/noarch/font-ttf-ubuntu-0.83-h8b1ccd4_0.tar.bz2#0b017158a7cd7c1683e00b4ae688dce4
https://conda.anaconda.org/anaconda/noarch/kernel-headers_linux-64-4.18.0-h3108a97_1.tar.bz2#d316f70a78e922479dcbc4df9d8fee62
https://conda.anaconda.org/anaconda/linux-64/python_abi-3.10-3_cp310.tar.bz2#30c6ee2a53db622eabc8c62f6ae1ff9b
https://conda.anaconda.org/anaconda/noarch/tzdata-2026b-he532380_0.tar.bz2#148ba61be8a94bb3db370256ffd35ecb
https://conda.anaconda.org/anaconda/noarch/fonts-anaconda-1-h8fa9717_0.tar.bz2#7a445a2d9fbe2a88de8f09e9527f4ce1
https://conda.anaconda.org/anaconda/linux-64/ld_impl_linux-64-2.44-h9e0c5a2_3.tar.bz2#f966e8da4e4b1aa50ffd96bae411599a
https://conda.anaconda.org/anaconda/linux-64/libgcc-15.2.0-h69a1729_8.tar.bz2#293e5bf121d856a06b2883e278e5694f
https://conda.anaconda.org/anaconda/noarch/libgcc-devel_linux-64-14.3.0-he7458c1_104.tar.bz2#253480ca231bec98bf1a3b8a840c728f
https://conda.anaconda.org/anaconda/linux-64/libgomp-15.2.0-h4751f2c_8.tar.bz2#ced84470d2b558779c35240ff764d878
https://conda.anaconda.org/anaconda/noarch/libstdcxx-devel_linux-64-14.3.0-he7458c1_104.tar.bz2#2a2ead700804a8787497fc4a4c5e4f37
https://conda.anaconda.org/conda-forge/linux-64/llvm-openmp-22.1.8-h4922eb0_0.conda#7bbfdc5a6eca997d3b0873a575c3e155
https://conda.anaconda.org/anaconda/noarch/sysroot_linux-64-2.28-h3108a97_1.tar.bz2#c48a82443a7c91f40ad9d65c613779fa
https://conda.anaconda.org/anaconda/linux-64/alsa-lib-1.2.15.3-h47b2149_0.tar.bz2#b1029c5aa763685475b8a1c60cf58e61
https://conda.anaconda.org/anaconda/linux-64/attr-2.5.2-h47b2149_0.tar.bz2#86fd7576db8185ec021d08e06a1abb73
https://conda.anaconda.org/anaconda/linux-64/aws-c-common-0.12.6-h47b2149_0.tar.bz2#f0c5d1b1ca48eb122607e0d23be31bc6
https://conda.anaconda.org/anaconda/linux-64/binutils_impl_linux-64-2.44-h78f17ca_3.tar.bz2#f07d96ef947676fe548f4d20a425c0eb
https://conda.anaconda.org/anaconda/linux-64/dav1d-1.5.3-h3e43c27_0.tar.bz2#0c0e3b52980fc69044292184958b9acb
https://conda.anaconda.org/anaconda/noarch/fonts-conda-ecosystem-1-hd3eb1b0_0.tar.bz2#81135874e3942ccc48b79c12ec094849
https://conda.anaconda.org/anaconda/linux-64/fribidi-1.0.16-h10f3c28_1.tar.bz2#6a0437d7562a7ccdf92cb31135c1c853
https://conda.anaconda.org/anaconda/linux-64/gstreamer-orc-0.4.42-h59a7e29_0.tar.bz2#ad06a7c07c4256276fc0cfca2e5196bf
https://conda.anaconda.org/anaconda/linux-64/jansson-2.15.0-hbcba0ee_0.tar.bz2#b9c6983c9b94a491b68c7bc77f46ec2b
https://conda.anaconda.org/anaconda/linux-64/lame-3.100-hbd0596d_1.tar.bz2#a2018620b3a8d453d48a292255cc17ba
https://conda.anaconda.org/conda-forge/linux-64/libdeflate-1.25-h17f619e_0.conda#6c77a605a7a689d17d4819c0f8ac9a00
https://conda.anaconda.org/conda-forge/linux-64/libffi-3.5.2-h3435931_0.conda#a360c33a5abe61c07959e449fa1453eb
https://conda.anaconda.org/anaconda/linux-64/libgcc-ng-15.2.0-h166f726_8.tar.bz2#c015bc2f069a4a753dce19576f08583c
https://conda.anaconda.org/anaconda/linux-64/libgfortran5-15.2.0-hc633d37_8.tar.bz2#b14d5d857a3873e7e404fef4c279f058
https://conda.anaconda.org/anaconda/linux-64/libiconv-1.18-h75a1612_0.tar.bz2#52d1e5b216b38891e10160d12a428666
https://conda.anaconda.org/conda-forge/linux-64/libjpeg-turbo-3.1.4.1-hb03c661_0.conda#6178c6f2fb254558238ef4e6c56fb782
https://conda.anaconda.org/anaconda/linux-64/libltdl-2.6.0-h47b2149_0.tar.bz2#4ae1e2ceafc7c95aa6343588d261e09d
https://conda.anaconda.org/conda-forge/linux-64/liblzma-5.8.3-hb03c661_0.conda#b88d90cad08e6bc8ad540cb310a761fb
https://conda.anaconda.org/conda-forge/linux-64/libnsl-2.0.1-hb9d3cd8_1.conda#d864d34357c3b65a4b731f78c0801dc4
https://conda.anaconda.org/anaconda/linux-64/libopus-1.6.1-h9f10d21_0.tar.bz2#d33910f3d55ed6bd600fa7d2b1596885
https://conda.anaconda.org/anaconda/linux-64/libstdcxx-15.2.0-h39759b7_8.tar.bz2#1a2f551d06f9919990adcf89a7a113b9
https://conda.anaconda.org/anaconda/linux-64/libunistring-1.4.2-h34b0ebb_0.tar.bz2#9ec2c8786cd91aa96b26235fe06836d0
https://conda.anaconda.org/conda-forge/linux-64/libuuid-2.42.2-h5347b49_0.conda#01bb81d12c957de066ea7362007df642
https://conda.anaconda.org/anaconda/linux-64/libuv-1.52.0-heb5a705_0.tar.bz2#e89694bae69d33d1abb79e81a9570684
https://conda.anaconda.org/anaconda/linux-64/libwebp-base-1.6.0-hb7bb969_0.tar.bz2#a1931ee4b137f6166fb99e5787bc0895
https://conda.anaconda.org/anaconda/linux-64/libxcrypt-4.5.2-h47b2149_0.tar.bz2#1c1cc8c03bfb679d32af20bba07d57ed
https://conda.anaconda.org/anaconda/linux-64/libzlib-1.3.2-h47b2149_0.tar.bz2#e92f60b88461c1adeb1d1bfcc1fea383
https://conda.anaconda.org/conda-forge/linux-64/ncurses-6.6-hdb14827_0.conda#fc21868a1a5aacc937e7a18747acb8a5
https://conda.anaconda.org/anaconda/linux-64/openssl-3.5.7-h1b28b03_0.tar.bz2#47880c02d76e9bc45d8306bbf9f85da5
https://conda.anaconda.org/anaconda/linux-64/perl-5.42.2-2_h47b2149_perl5.tar.bz2#efefce337ce9b0888b1610c6847312d7
https://conda.anaconda.org/anaconda/linux-64/soxr-0.1.3-h6d1b9b4_1.tar.bz2#b14f8ddae1092766e29ea10b8adb1c9a
https://conda.anaconda.org/anaconda/linux-64/aom-3.13.2-h664349e_0.tar.bz2#8a0554f5de469c73fd8674c7b419826f
https://conda.anaconda.org/anaconda/linux-64/aws-c-cal-0.9.13-h1b28b03_0.tar.bz2#0afd25175656c8b53138289657ca988b
https://conda.anaconda.org/anaconda/linux-64/aws-c-compression-0.3.2-h47b2149_0.tar.bz2#d6c939e05a83a781adabcfc8526e2454
https://conda.anaconda.org/anaconda/linux-64/aws-c-sdkutils-0.2.4-h47b2149_2.tar.bz2#d6863bedba5d8216fb621a56586e9fc9
https://conda.anaconda.org/anaconda/linux-64/aws-checksums-0.2.10-h47b2149_0.tar.bz2#796a01d19a6946b211d0598c1516700c
https://conda.anaconda.org/anaconda/linux-64/binutils-2.44-hc03a8fd_3.tar.bz2#c6283f13a851371f128249b5681c823d
https://conda.anaconda.org/anaconda/linux-64/binutils_linux-64-2.44-hc03a8fd_3.tar.bz2#3d2af493ca2d890efcd0c6a41d9e3e96
https://conda.anaconda.org/anaconda/linux-64/bzip2-1.0.8-h5eee18b_6.tar.bz2#f5058c8d5b2994b7334f18e022105a14
https://conda.anaconda.org/anaconda/linux-64/c-ares-1.34.6-hd44998d_0.tar.bz2#3772d25d65b6266cc183ce5f8a8cad00
https://conda.anaconda.org/conda-forge/linux-64/fast_float-8.1.0-hb700be7_0.conda#e76f27bc887647e4164cfbaba05f3a86
https://conda.anaconda.org/anaconda/linux-64/fftw-3.3.10-hbd630f4_0.tar.bz2#a40951cc1d01bb3d44d5d7177ab2d7fa
https://conda.anaconda.org/conda-forge/linux-64/geos-3.14.1-h480dda7_0.conda#4d4efd0645cd556fab54617c4ad477ef
https://conda.anaconda.org/anaconda/linux-64/gettext-tools-0.25.1-h6a67909_0.tar.bz2#982e99faed9dbdf70578e453494c68e0
https://conda.anaconda.org/anaconda/linux-64/gflags-2.3.0-h861b1fb_0.tar.bz2#e9d38e92aef00995352b100343267f27
https://conda.anaconda.org/anaconda/linux-64/giflib-5.2.2-h5eee18b_0.tar.bz2#dd71853d7c8a1ca649c51956c07d32ba
https://conda.anaconda.org/anaconda/linux-64/graphite2-1.3.15-h9ba177b_0.tar.bz2#68a7b9be8a86e813b3e1fcd8897d7391
https://conda.anaconda.org/anaconda/linux-64/icu-78.3-h84d19a5_0.tar.bz2#a167c24e22b2e2925fb6ab7a0b559514
https://conda.anaconda.org/anaconda/linux-64/intel-gmmlib-22.9.0-h24d9097_0.tar.bz2#837fd11fc76ab94cea5bbde4bf967110
https://conda.anaconda.org/anaconda/linux-64/jack-1.9.22-h8fd242f_0.tar.bz2#904cda0db77e75233cd5f22af671e3df
https://conda.anaconda.org/anaconda/linux-64/json-c-0.18-hee96239_0.tar.bz2#b6fa680f8d1b59673291706af26f74fc
https://conda.anaconda.org/anaconda/linux-64/lerc-4.1.0-h7354ed3_2.tar.bz2#5d83c62feacd8835a6028bb8c2801171
https://conda.anaconda.org/anaconda/linux-64/libabseil-20260107.0-cxx17_h6199ee8_0.tar.bz2#63b5d2c2c8b10c24899a305ed57cd677
https://conda.anaconda.org/anaconda/linux-64/libasprintf-0.25.1-hf2ab22a_0.tar.bz2#7ec77d8498e688bacc9e59a9e3a2034e
https://conda.anaconda.org/anaconda/linux-64/libbrotlicommon-1.2.0-h32cd6e7_0.tar.bz2#dadaee8753a9b5bdf56a8105285e6f1b
https://conda.anaconda.org/anaconda/linux-64/libcap-2.78-h2f14ded_0.tar.bz2#f48255ec8905eaf73685c2c854fa3b91
https://conda.anaconda.org/anaconda/linux-64/libev-4.33-h7f8727e_1.tar.bz2#eeca774c6154c49340dd403b1928d5e9
https://conda.anaconda.org/anaconda/linux-64/libexpat-2.8.1-h7354ed3_1.tar.bz2#151a5b2061d70a315fe041151296a733
https://conda.anaconda.org/anaconda/linux-64/libgettextpo-0.25.1-hf2ab22a_0.tar.bz2#719e9a86f5375ca33b9413909523d3a7
https://conda.anaconda.org/anaconda/linux-64/libgfortran-15.2.0-h166f726_8.tar.bz2#851e04cfd1dba048da53c9cb738ae564
https://conda.anaconda.org/anaconda/linux-64/libglvnd-1.7.0-h5eee18b_2.tar.bz2#0df5b4e585769de6428d3f0b1164d316
https://conda.anaconda.org/conda-forge/linux-64/libhwy-1.4.0-h10be129_0.conda#3a9428b74c403c71048104d38437b48c
https://conda.anaconda.org/conda-forge/linux-64/liblzma-devel-5.8.3-hb03c661_0.conda#55c20edec8e90c4703787acaade60808
https://conda.anaconda.org/anaconda/linux-64/libogg-1.3.5-h27cfd23_1.tar.bz2#48ff183e45bf81c02fa5f9ce1ad669dc
https://conda.anaconda.org/anaconda/linux-64/libopenjpeg-2.5.4-hee96239_1.tar.bz2#bd0e71c7471ad7d1f0cada25c826df93
https://conda.anaconda.org/anaconda/linux-64/libpciaccess-0.18-h5eee18b_0.tar.bz2#3243f3efa6ca719ffe3e94c80020e989
https://conda.anaconda.org/conda-forge/linux-64/libpng-1.6.58-h421ea60_0.conda#eba48a68a1a2b9d3c0d9511548db85db
https://conda.anaconda.org/anaconda/linux-64/libsanitizer-14.3.0-hd4faa28_4.tar.bz2#1ef24ecc853c61380e07312060dd02d0
https://conda.anaconda.org/conda-forge/linux-64/libsqlite-3.53.2-h0c1763c_0.conda#062b0ac602fb0adf250e3dfa86f221c4
https://conda.anaconda.org/conda-forge/linux-64/libssh2-1.11.1-hcf80075_0.conda#eecce068c7e4eddeb169591baac20ac4
https://conda.anaconda.org/anaconda/linux-64/libstdcxx-ng-15.2.0-hc03a8fd_8.tar.bz2#94624cbe792490ec721a0c1dd8103c08
https://conda.anaconda.org/anaconda/linux-64/libvpx-1.16.0-h4b463fa_0.tar.bz2#23d759c00dacc9a30c40ca4349ca1df7
https://conda.anaconda.org/anaconda/linux-64/lmdb-0.9.31-hb25bd0a_0.tar.bz2#d2fb8eb98fdc8b33662613602305fea2
https://conda.anaconda.org/conda-forge/linux-64/lz4-c-1.10.0-h5888daf_1.conda#9de5350a85c4a20c685259b889aa6393
https://conda.anaconda.org/anaconda/linux-64/lzo-2.10-h7b6447c_2.tar.bz2#2c4fe397d387680272e4ecbf604cd9e8
https://conda.anaconda.org/anaconda/linux-64/make-4.2.1-h1bed415_1.tar.bz2#274e1eb00ae0a8c18557a5ce7e015e1b
https://conda.anaconda.org/anaconda/linux-64/mpg123-1.33.4-h7354ed3_0.tar.bz2#c030d9ec3981dff254fdc9313f6919a6
https://conda.anaconda.org/conda-forge/linux-64/muparser-2.3.5-h5888daf_0.conda#ab3e3db511033340e75e7002e80ce8c0
https://conda.anaconda.org/anaconda/linux-64/ninja-base-1.13.1-h0f57076_0.tar.bz2#8366e4446a8738208418d1990b12e7e3
https://conda.anaconda.org/conda-forge/linux-64/opencl-headers-2025.06.13-hecca717_0.conda#c930c8052d780caa41216af7de472226
https://conda.anaconda.org/anaconda/linux-64/openh264-2.6.0-ha05cbb4_1.tar.bz2#972ef896a2f4369a753e4369d74b1baa
https://conda.anaconda.org/anaconda/linux-64/pthread-stubs-0.3-h0ce48e5_1.tar.bz2#de7d258a4efcd8a63df73099c8e5d954
https://conda.anaconda.org/anaconda/linux-64/readline-8.3-hc2a1206_0.tar.bz2#7ae5a77a62d93f38e777a71b56c396cf
https://conda.anaconda.org/anaconda/linux-64/rhash-1.4.6-hd199180_1.tar.bz2#5fc6c20d05fec84d7763086e4b4c6de8
https://conda.anaconda.org/anaconda/linux-64/s2n-1.6.2-h02aa81b_0.tar.bz2#b199146a2b5287172464d0959bbac85a
https://conda.anaconda.org/anaconda/linux-64/spirv-tools-2026.1-h24d9097_0.tar.bz2#2300f0f42a231355f3d1d6812b4b612b
https://conda.anaconda.org/anaconda/linux-64/svt-av1-3.1.2-h7354ed3_0.tar.bz2#716c2e317bc518dabb8af6bfd2b647bc
https://conda.anaconda.org/conda-forge/linux-64/tk-8.6.13-noxft_h366c992_103.conda#cffd3bdd58090148f4cfcd831f4b26ab
https://conda.anaconda.org/anaconda/linux-64/uriparser-0.9.8-h451ca9b_0.tar.bz2#3a0a6a531ee44a7688c5389b30d43acf
https://conda.anaconda.org/anaconda/linux-64/xorg-libxau-1.0.12-h9b100fa_0.tar.bz2#962cde7b3951cf7244e2ed2d059900a6
https://conda.anaconda.org/anaconda/linux-64/xorg-libxdmcp-1.1.5-h9b100fa_0.tar.bz2#06a53975cfb6a6c46f7c60a0860a546c
https://conda.anaconda.org/anaconda/linux-64/xorg-xorgproto-2024.1-h5eee18b_1.tar.bz2#47fbf3dec64342c6034a77c9b5a02155
https://conda.anaconda.org/conda-forge/linux-64/xz-gpl-tools-5.8.3-ha02ee65_0.conda#8f5e2c6726c1339287a3c76a2c138ac7
https://conda.anaconda.org/conda-forge/linux-64/xz-tools-5.8.3-hb03c661_0.conda#b62b615caa60812640f24db3a8d0fc87
https://conda.anaconda.org/anaconda/linux-64/zlib-1.3.2-h47b2149_0.tar.bz2#c9e7661c578bc42c239858035ddf4686
https://conda.anaconda.org/conda-forge/linux-64/zstd-1.5.7-hb78ec9c_6.conda#4a13eeac0b5c8e5b8ab496e6c4ddd829
https://conda.anaconda.org/anaconda/linux-64/aws-c-io-0.26.3-h1b29dbc_0.tar.bz2#65b704779ef944ac8a3015d77b1e944a
https://conda.anaconda.org/anaconda/linux-64/eigen-5.0.1-hf04f85b_0.tar.bz2#3288237275cc191e4be00a1430f58bff
https://conda.anaconda.org/anaconda/linux-64/expat-2.8.1-h7354ed3_1.tar.bz2#734dd289ab765fae72b9295d21b4a61e
https://conda.anaconda.org/anaconda/linux-64/freetype-2.14.1-hf5b9546_0.tar.bz2#8b8266e3fe224f7615ed9e1a4df4116d
https://conda.anaconda.org/anaconda/linux-64/gcc_impl_linux-64-14.3.0-h4943218_4.tar.bz2#6e292ab59db9a8e906b5dec000b96ba2
https://conda.anaconda.org/anaconda/linux-64/glog-0.7.1-h485759d_0.tar.bz2#5bcda8f8ed7f9f12b6fe2f4f7166a314
https://conda.anaconda.org/anaconda/linux-64/glslang-15.3.0-h24f8bec_1.tar.bz2#81488b0dbea9dc98a93dad284af188c6
https://conda.anaconda.org/anaconda/linux-64/gmp-6.3.0-h6a678d5_0.tar.bz2#35fd28cd000de8455792e65efac72fcf
https://conda.anaconda.org/anaconda/linux-64/gtest-1.17.0-h5f83a47_0.tar.bz2#b505aed99ae2c05a6e5efb9796b54f28
https://conda.anaconda.org/conda-forge/linux-64/laszip-3.4.3-h9c3ff4c_2.tar.bz2#f99abefd6976c4b1ca3c976b1a86d34c
https://conda.anaconda.org/anaconda/linux-64/libasprintf-devel-0.25.1-hf2ab22a_0.tar.bz2#52439a036d71c3d17210edbe0da767ae
https://conda.anaconda.org/anaconda/linux-64/libavif-1.3.0-h2b90b00_1.tar.bz2#88464e4b9a447a72ea9deb236f27b092
https://conda.anaconda.org/anaconda/linux-64/libbrotlidec-1.2.0-ha2c5f68_0.tar.bz2#8acfc105febd845a0991c1fce21d2d03
https://conda.anaconda.org/anaconda/linux-64/libbrotlienc-1.2.0-h2e96acb_0.tar.bz2#90ab7ff53b3151044b480a216cc1d47a
https://conda.anaconda.org/anaconda/linux-64/libdrm-2.4.124-h5eee18b_0.tar.bz2#6dc09b32900c56f2a0c82fdc6bf48e1c
https://conda.anaconda.org/anaconda/linux-64/libegl-1.7.0-h5eee18b_2.tar.bz2#4d3c0e3a219bee6d250216542b69245e
https://conda.anaconda.org/conda-forge/linux-64/libfreetype6-2.14.1-h73754d4_0.conda#8e7251989bca326a28f4a5ffbd74557a
https://conda.anaconda.org/anaconda/linux-64/libgettextpo-devel-0.25.1-hf2ab22a_0.tar.bz2#388a03fe90b3b7cdc74748030c9f6b9b
https://conda.anaconda.org/conda-forge/linux-64/libkml-1.3.0-haa4a5bd_1023.conda#953b7cca897e21215302dbfe2af5cd0c
https://conda.anaconda.org/anaconda/linux-64/libkrb5-1.22.2-hbd13c29_0.tar.bz2#590f1b619c115b7738e86c9dad2bce0a
https://conda.anaconda.org/conda-forge/linux-64/libopenblas-0.3.33-pthreads_h94d23a6_0.conda#2d3278b721e40468295ca755c3b84070
https://conda.anaconda.org/anaconda/linux-64/libprotobuf-6.33.5-h4435b4a_0.tar.bz2#bb7e0eea6aacc7fc0d63f3faa9e065e5
https://conda.anaconda.org/conda-forge/linux-64/librttopo-1.1.0-h46dd2a8_20.conda#df81fd57eacf341588d728c97920e86d
https://conda.anaconda.org/conda-forge/linux-64/libsuitesparseconfig-7.10.1-h901830b_7100101.conda#57ae1dd979da7aa88a9b38bfa2e1d6b2
https://conda.anaconda.org/conda-forge/linux-64/libtiff-4.7.1-h9d88235_1.conda#cd5a90476766d53e901500df9215e927
https://conda.anaconda.org/anaconda/linux-64/libunwind-1.8.3-h9c1abfd_0.tar.bz2#9c2bed8a0d72288e10e0efdf7fcc4591
https://conda.anaconda.org/anaconda/linux-64/libvorbis-1.3.7-h536e056_1.tar.bz2#eb5ca8debe77e3a6c64ca0fafb8d1e3e
https://conda.anaconda.org/anaconda/linux-64/libxcb-1.17.0-h9b100fa_0.tar.bz2#623e472cf0c02599f01c49879dab1bb6
https://conda.anaconda.org/conda-forge/linux-64/libxml2-16-2.14.6-hca6bf5a_3.conda#d6a4f5f909f451af83ca210308147887
https://conda.anaconda.org/anaconda/linux-64/metis-5.1.0-hf484d3e_4.tar.bz2#0f47d15d9f839362c6b2a755cb10d93b
https://conda.anaconda.org/conda-forge/linux-64/ocl-icd-2.3.4-hb03c661_1.conda#c2871ba95727fd1382c05db66048b64c
https://conda.anaconda.org/conda-forge/linux-64/pcre2-10.47-haa7fec5_0.conda#7a3bff861a6583f1889021facefc08b1
https://conda.anaconda.org/anaconda/linux-64/pixman-0.46.4-h7934f7d_0.tar.bz2#a59f97b6d67c0b41f08a8ed649f6d8a1
https://conda.anaconda.org/conda-forge/linux-64/python-3.10.20-h267e890_1_cpython.conda#c5eace1c2d8dae0bb08c094617ea8cc7
https://conda.anaconda.org/anaconda/linux-64/snappy-1.2.1-h6a678d5_0.tar.bz2#25ac00d957eda056675f8fa3eafdf6df
https://conda.anaconda.org/anaconda/linux-64/sqlite-3.53.2-h795bf6d_0.tar.bz2#2e2556cb78dbb15c97e5b9088fccacbc
https://conda.anaconda.org/anaconda/linux-64/xerces-c-3.3.0-h8929472_1.tar.bz2#42223b742826d5b6f0dee86ba85bf4b6
https://conda.anaconda.org/anaconda/linux-64/xorg-libice-1.1.2-h9b100fa_0.tar.bz2#f1a404b305a38ca8f388e41861dd7a01
https://conda.anaconda.org/conda-forge/linux-64/xz-5.8.3-ha02ee65_0.conda#6a1b6af49a334e4e06b9f103367762bf
https://conda.anaconda.org/anaconda/linux-64/aws-c-http-0.10.13-h47b2149_0.tar.bz2#bb8cb920226f3951a67871d08c4e10fc
https://conda.anaconda.org/conda-forge/linux-64/blosc-1.21.6-he440d0b_1.conda#2c2fae981fd2afd00812c92ac47d023d
https://conda.anaconda.org/anaconda/linux-64/conda-gcc-specs-14.3.0-h214dd08_4.tar.bz2#d581db813af6459755f3b80b38e7c7fa
https://conda.anaconda.org/anaconda/linux-64/gcc_linux-64-14.3.0-hda73cce_14.tar.bz2#774caa87847ed8f55027e91849d2f9cf
https://conda.anaconda.org/anaconda/linux-64/gettext-0.25.1-h92eb808_0.tar.bz2#4f015e8d575ea6735cf51c8ed71d8b8b
https://conda.anaconda.org/conda-forge/linux-64/gperftools-2.18.1-h65a8314_0.conda#580e68c39529cb81ac43948c07ea8a6c
https://conda.anaconda.org/anaconda/linux-64/gxx_impl_linux-64-14.3.0-he634eba_4.tar.bz2#77e2342620626f2d330991b83ca90590
https://conda.anaconda.org/anaconda/linux-64/lcms2-2.19.1-h425df66_0.tar.bz2#e79867d112e4afad5f41a4f0633e217c
https://conda.anaconda.org/conda-forge/linux-64/libamd-3.3.3-h456b2da_7100101.conda#a067596d679bcde85375143e7c374738
https://conda.anaconda.org/conda-forge/linux-64/libblas-3.11.0-8_h4a7cf45_openblas.conda#00fc660ab1b2f5ca07e92b4900d10c79
https://conda.anaconda.org/conda-forge/linux-64/libbtf-2.3.2-hf02c80a_7100101.conda#6f4aec52002defbdf3e24eb79e56a209
https://conda.anaconda.org/conda-forge/linux-64/libcamd-3.3.3-hf02c80a_7100101.conda#1c9d1532caadece8adc2d14c6d4fc726
https://conda.anaconda.org/conda-forge/linux-64/libccolamd-3.3.4-hf02c80a_7100101.conda#e5107e02dc4c2f9f41eef72d72c23517
https://conda.anaconda.org/conda-forge/linux-64/libcolamd-3.3.4-hf02c80a_7100101.conda#56d4c5542887e8955f21f8546ad75d9d
https://conda.anaconda.org/conda-forge/linux-64/libcxsparse-4.4.1-hf02c80a_7100101.conda#917931d508582ef891bbac172294d9fb
https://conda.anaconda.org/conda-forge/linux-64/libfreetype-2.14.1-ha770c72_0.conda#f4084e4e6577797150f9b04a4560ceb0
https://conda.anaconda.org/conda-forge/linux-64/libglib-2.88.1-h0d30a3d_2.conda#17d484ab9c8179c6a6e5b7dbb5065afc
https://conda.anaconda.org/conda-forge/linux-64/libjxl-0.11.2-h174a0a3_1.conda#850f48943d6b4589800a303f0de6a816
https://conda.anaconda.org/conda-forge/linux-64/libldl-3.3.2-hf02c80a_7100101.conda#19b71122fea7f6b1c4815f385b2da419
https://conda.anaconda.org/conda-forge/linux-64/librbio-4.3.4-hf02c80a_7100101.conda#4b3a3d711d1c1f76f7f440e51458f512
https://conda.anaconda.org/anaconda/linux-64/libtheora-1.2.0-h32ad74f_1.tar.bz2#e75eb46678cbc5e669556fd9c1f0ff92
https://conda.anaconda.org/conda-forge/linux-64/libxml2-2.14.6-he237659_3.conda#57e0f440064e9b70007233d53ce4835d
https://conda.anaconda.org/anaconda/linux-64/minizip-4.2.1-h7e49174_0.tar.bz2#3cfa31da6bd36a7c03dede43473570a4
https://conda.anaconda.org/anaconda/linux-64/mpfr-4.2.1-h5eee18b_0.tar.bz2#209884aebdcc837565aa6e306775d860
https://conda.anaconda.org/anaconda/linux-64/ninja-1.13.1-h06a4308_0.tar.bz2#3a7f1a36c24aeb916b20bf93c4d30b55
https://conda.anaconda.org/conda-forge/linux-64/openblas-0.3.33-pthreads_h6ec200e_0.conda#7ed92a9ace1e050a2eca9fe50aa94c81
https://conda.anaconda.org/anaconda/linux-64/packaging-26.0-py310h06a4308_0.tar.bz2#6c73ca2540d30d745990a391e6ca9390
https://conda.anaconda.org/anaconda/linux-64/setuptools-82.0.1-py310h06a4308_0.tar.bz2#d1f788eb988f6012f9195e690a08f0f8
https://conda.anaconda.org/anaconda/linux-64/shaderc-2025.5-hf5cb0ee_1.tar.bz2#1726781c6d4a5447ca3fae1974f97e7a
https://conda.anaconda.org/anaconda/linux-64/wayland-1.24.0-hdac8c69_0.tar.bz2#b8c7d45a7462370f54810cc8de98b82a
https://conda.anaconda.org/conda-forge/linux-64/xorg-libsm-1.2.6-he73a12e_0.conda#1c74ff8c35dcadf952a16f752ca5aa49
https://conda.anaconda.org/anaconda/linux-64/xorg-libx11-1.8.12-h9b100fa_1.tar.bz2#f0b98becde0651fe764283bce9423e87
https://conda.anaconda.org/anaconda/linux-64/aws-c-auth-0.10.1-h47b2149_0.tar.bz2#b70526637997da9355971007ee103ab2
https://conda.anaconda.org/anaconda/linux-64/dbus-1.16.2-h5bd4931_0.tar.bz2#30954fc32a036cff065831075366c405
https://conda.anaconda.org/conda-forge/linux-64/fontconfig-2.17.1-h27c8c51_0.conda#867127763fbe935bab59815b6e0b7b5c
https://conda.anaconda.org/anaconda/linux-64/freexl-2.0.0-hf309648_0.tar.bz2#66fba742a11cdbb9293ea2ec9064182a
https://conda.anaconda.org/anaconda/linux-64/gcc-14.3.0-h83c8b5c_4.tar.bz2#da262d9d2a3b3d6d3f0cb58ac105710d
https://conda.anaconda.org/anaconda/linux-64/glib-tools-2.86.3-h9fad118_0.tar.bz2#d040332e70ce2ce7500dc5c1367dd8de
https://conda.anaconda.org/anaconda/linux-64/gstreamer-1.28.4-hbd6b80e_0.tar.bz2#377939709343e598e92630b30b4249ad
https://conda.anaconda.org/anaconda/linux-64/gxx_linux-64-14.3.0-hca8765c_14.tar.bz2#fe67aa0b8cb86789910cfd9c0fb1f9b0
https://conda.anaconda.org/conda-forge/linux-64/libarchive-3.8.8-gpl_hc2c16d8_100.conda#44652e646cb623f486ea72e7e7479222
https://conda.anaconda.org/conda-forge/linux-64/libcblas-3.11.0-8_h0358290_openblas.conda#33a413f1095f8325e5c30fde3b0d2445
https://conda.anaconda.org/anaconda/linux-64/libflac-1.5.0-hb705b29_1.tar.bz2#e027cd52cd1668959298918f397b6bdf
https://conda.anaconda.org/anaconda/linux-64/libglx-1.7.0-h5eee18b_2.tar.bz2#a332f571d677ae17037f0216eb3f0a6c
https://conda.anaconda.org/anaconda/linux-64/libidn2-2.3.8-hf80d704_0.tar.bz2#8b1b7dd7acbcaf5abd981a74c7271b51
https://conda.anaconda.org/conda-forge/linux-64/liblapack-3.11.0-8_h47877c9_openblas.conda#809be8ba8712c77bc7d44c2d99390dc4
https://conda.anaconda.org/anaconda/linux-64/libnghttp2-1.69.0-hc59f8b6_0.tar.bz2#0c2ab1332fa6352b279d9dcb790923ad
https://conda.anaconda.org/conda-forge/linux-64/libspex-3.2.3-h9226d62_7100101.conda#63323b258079a75133ccecbb0902614d
https://conda.anaconda.org/conda-forge/linux-64/libxml2-devel-2.14.6-he237659_3.conda#09dca44f7859ebec4ceaca3a63661a4a
https://conda.anaconda.org/anaconda/linux-64/openjpeg-2.5.4-h4e0627c_1.tar.bz2#89763f53802a4e24e3c9c9d23fb7b9d7
https://conda.anaconda.org/anaconda/linux-64/wayland-protocols-1.47-h51f6af0_0.tar.bz2#f433b31955b1f81373045bb5963082ef
https://conda.anaconda.org/anaconda/linux-64/wheel-0.47.0-py310h06a4308_0.tar.bz2#57f7610bbd953b0d6f15c008f7045251
https://conda.anaconda.org/anaconda/linux-64/xorg-libxext-1.3.6-h9b100fa_0.tar.bz2#8187c859d4a6d3c4e6c555b1ea5e6c7e
https://conda.anaconda.org/anaconda/linux-64/xorg-libxfixes-6.0.1-h9b100fa_0.tar.bz2#998ddb160cee705515d2ccce022b4557
https://conda.anaconda.org/anaconda/linux-64/xorg-libxrender-0.9.12-h9b100fa_0.tar.bz2#a948f60eeaa06c1dea46f17d26a3636a
https://conda.anaconda.org/anaconda/linux-64/aws-c-s3-0.12.0-h1b28b03_1.tar.bz2#3a1a6f0d8297f67c07812a7781ea694d
https://conda.anaconda.org/conda-forge/linux-64/c-compiler-1.11.0-h4d9bdce_0.conda#abd85120de1187b0d1ec305c2173c71b
https://conda.anaconda.org/conda-forge/linux-64/cairo-1.18.4-he90730b_1.conda#bb6c4808bfa69d6f7f6b07e5846ced37
https://conda.anaconda.org/anaconda/linux-64/glib-2.86.3-h617169b_0.tar.bz2#22144b0f5719c53194811e8802994f6b
https://conda.anaconda.org/anaconda/linux-64/gxx-14.3.0-h36cfa25_4.tar.bz2#013678607ef669179b8c4abe1ebb6548
https://conda.anaconda.org/conda-forge/linux-64/leptonica-1.87.0-h12c84f9_1.conda#a1500cb93ee16f52d4608265c0309e09
https://conda.anaconda.org/conda-forge/linux-64/libcholmod-5.3.1-h9cf07ce_7100101.conda#f51e24ce110ae24c92074736a308e47e
https://conda.anaconda.org/anaconda/linux-64/libcurl-8.20.0-hd8fa685_1.tar.bz2#45307f6cc7f6a547b37ab0c4ba72e4c6
https://conda.anaconda.org/anaconda/linux-64/libgl-1.7.0-h5eee18b_2.tar.bz2#3ada29c9c16f5d453cf1cc64b54b58a5
https://conda.anaconda.org/conda-forge/linux-64/liblapacke-3.11.0-8_h6ae95b6_openblas.conda#da17457f689df5c0f246d2f0b3798fd2
https://conda.anaconda.org/anaconda/linux-64/libsndfile-1.2.2-ha54c36a_1.tar.bz2#91fa54370ce6bf1cb28098760c406e96
https://conda.anaconda.org/anaconda/noarch/pip-26.1.2-pyhc872135_0.tar.bz2#0a548b658ae0d1daf6edeed3853a1e08
https://conda.anaconda.org/anaconda/linux-64/xorg-libxi-1.8.2-h9b100fa_0.tar.bz2#bff9d8c7d868a325c20217711b83d4bf
https://conda.anaconda.org/conda-forge/linux-64/blas-devel-3.11.0-8_h1ea3ea9_openblas.conda#c36b9a7a135105b504069c8c832c72df
https://conda.anaconda.org/conda-forge/linux-64/cmake-3.31.8-hc85cc9f_0.conda#057e16a12847eea846ecf99710d3591b
https://conda.anaconda.org/conda-forge/linux-64/cxx-compiler-1.11.0-hfcd1e18_0.conda#5da8c935dca9186673987f79cef0b2a5
https://conda.anaconda.org/anaconda/linux-64/gdk-pixbuf-2.44.6-h268f190_1.tar.bz2#0bd1ba550db8dc63b1d32b420804a32a
https://conda.anaconda.org/anaconda/linux-64/gst-plugins-base-1.28.4-h446d7a6_0.tar.bz2#d5c0725e8a545d6ecc3d9617c8a91d92
https://conda.anaconda.org/anaconda/linux-64/harfbuzz-12.3.0-h572a7f1_2.tar.bz2#61a48bb38e042137ca24772a441c8919
https://conda.anaconda.org/anaconda/linux-64/hdf5-2.0.0-h91801a2_3.tar.bz2#1d0a087f5004b2fb82005cedbc7349a2
https://conda.anaconda.org/conda-forge/linux-64/libklu-2.3.5-h95ff59c_7100101.conda#efaa5e7dc6989363585fbb591480b256
https://conda.anaconda.org/conda-forge/linux-64/libspqr-4.3.4-h23b7119_7100101.conda#c1ee33a71065c1f0efd9c8174d5f18b0
https://conda.anaconda.org/conda-forge/linux-64/libumfpack-6.3.5-h873dde6_7100101.conda#9626fc7667bc6c901c7a0a4004938c71
https://conda.anaconda.org/anaconda/linux-64/libva-2.23.0-h80f46ad_0.tar.bz2#8952aff232c65fc47c9aafd478d01ab4
https://conda.anaconda.org/conda-forge/linux-64/proj-9.8.1-he0df7b0_0.conda#b23619e5e9009eaa070ead0342034027
https://conda.anaconda.org/anaconda/linux-64/pulseaudio-client-17.0-hec24eaf_1.tar.bz2#013d9a26c7205d4b2aca8d71175ba205
https://conda.anaconda.org/anaconda/linux-64/tesseract-5.2.0-hc7272f1_5.tar.bz2#1fbbd31d4aee21b8c78d090ab58c3e39
https://conda.anaconda.org/anaconda/linux-64/xorg-libxtst-1.2.5-h9b100fa_3.tar.bz2#9c37dfef2a721334db27fafb1f6220a0
https://conda.anaconda.org/conda-forge/linux-64/blas-2.308-openblas.conda#c92473046ff58a2c2bedfccc9209f7bd
https://conda.anaconda.org/anaconda/linux-64/intel-media-driver-26.1.0-h7354ed3_0.tar.bz2#5ac3b54a435683ff70d76339cf40423b
https://conda.anaconda.org/anaconda/linux-64/libass-0.17.4-h682e061_2.tar.bz2#3a4a6873a0d25579491c30144d848e31
https://conda.anaconda.org/conda-forge/linux-64/libparu-1.0.0-hc6afc67_7100101.conda#fd1d3e26c1b12c70f7449369ae3d9c1a
https://conda.anaconda.org/conda-forge/linux-64/libspatialite-5.1.0-gpl_hab3fe16_120.conda#5947bdda89ced07ab0d8a5d6503082c3
https://conda.anaconda.org/anaconda/linux-64/pango-1.56.4-h026457f_0.tar.bz2#729ca9bf6cfd8e95e44cdce74b09ce1e
https://conda.anaconda.org/anaconda/linux-64/pulseaudio-daemon-17.0-h68d7d8d_1.tar.bz2#a1d14bcb124240e4fda66ec7a0cbcc37
https://conda.anaconda.org/conda-forge/linux-64/libgdal-core-3.13.1-h2c8e1a9_2.conda#c55622ce7c6d453642fd3ad737f42bd7
https://conda.anaconda.org/anaconda/linux-64/librsvg-2.62.1-h4367520_0.tar.bz2#f1a818d7add4f0821b3236ec7dd49860
https://conda.anaconda.org/anaconda/linux-64/libvpl-2.15.0-h7354ed3_0.tar.bz2#bff2702b43043ccd37c990cde5bd6223
https://conda.anaconda.org/anaconda/linux-64/numpy-base-2.2.5-py310h4bc27c9_3.tar.bz2#50114b05111071c36648075d9fa00767
https://conda.anaconda.org/anaconda/linux-64/pulseaudio-17.0-h7354ed3_1.tar.bz2#a3eb122148669b7ca02b9c92befa56ab
https://conda.anaconda.org/conda-forge/linux-64/suitesparse-7.10.1-h5b2951e_7100101.conda#e927e0f248a498050443dab8bb1203a9
https://conda.anaconda.org/conda-forge/linux-64/ceres-solver-2.2.0-cpugplh3250042_211.conda#d68f4cea2931842ade9a85ce4803b352
https://conda.anaconda.org/anaconda/linux-64/ffmpeg-8.1.2-h5758e9d_0.tar.bz2#751ae4157af6751fac35fe57418c9c5f
https://conda.anaconda.org/anaconda/linux-64/numpy-2.2.5-py310h35d6838_3.tar.bz2#aed37dfb71c69b0b052d235124e3517f
https://conda.anaconda.org/conda-forge/linux-64/gdal-3.13.1-np2py310h1cad03b_2.conda#96623720b6a822de56e47a740c520084
https://conda.anaconda.org/anaconda/linux-64/opencv-4.13.0-headless_py310h68011f4_8.tar.bz2#2b352027378d662ddc7b24d2f24805ca
https://conda.anaconda.org/anaconda/linux-64/libopencv-4.13.0-headless_py310h05a7c19_8.tar.bz2#27d46dce6726f61a8d73e37b73de16de
https://conda.anaconda.org/anaconda/linux-64/py-opencv-4.13.0-headless_py310hc4f99ae_8.tar.bz2#3a79faa2047f7201beddca5fe455f1e6
